// !$*UTF8*$!
{
	archiveVersion = 1;
	classes = {
	};
	objectVersion = 56;
	objects = {

/* Begin PBXBuildFile section */
		4F0078B329C551CE0054046E /* MainView.swift in Sources */ = {isa = PBXBuildFile; fileRef = 4F0078B229C551CE0054046E /* MainView.swift */; };
		4F0078B629C5EE390054046E /* Coordinator in Frameworks */ = {isa = PBXBuildFile; productRef = 4F0078B529C5EE390054046E /* Coordinator */; };
		4F0078B929C5EE650054046E /* AppCoordinator.swift in Sources */ = {isa = PBXBuildFile; fileRef = 4F0078B829C5EE650054046E /* AppCoordinator.swift */; };
		4F0078BB29C5EE9B0054046E /* AppDestination.swift in Sources */ = {isa = PBXBuildFile; fileRef = 4F0078BA29C5EE9B0054046E /* AppDestination.swift */; };
		4F0078BD29C5F0510054046E /* SigninView.swift in Sources */ = {isa = PBXBuildFile; fileRef = 4F0078BC29C5F0510054046E /* SigninView.swift */; };
		4F0078C329C629DE0054046E /* MapboxMaps in Frameworks */ = {isa = PBXBuildFile; productRef = 4F0078C229C629DE0054046E /* MapboxMaps */; };
		4F0078C529C629F50054046E /* MapRecipesView.swift in Sources */ = {isa = PBXBuildFile; fileRef = 4F0078C429C629F50054046E /* MapRecipesView.swift */; };
		4F0078C829C62B5E0054046E /* MapBoxMapView.swift in Sources */ = {isa = PBXBuildFile; fileRef = 4F0078C729C62B5E0054046E /* MapBoxMapView.swift */; };
		4F0078CC29C63DE80054046E /* ProfileView.swift in Sources */ = {isa = PBXBuildFile; fileRef = 4F0078CB29C63DE80054046E /* ProfileView.swift */; };
		4F0078CE29C63DF90054046E /* HomeView.swift in Sources */ = {isa = PBXBuildFile; fileRef = 4F0078CD29C63DF90054046E /* HomeView.swift */; };
		4F0078D629C659830054046E /* Recipe.swift in Sources */ = {isa = PBXBuildFile; fileRef = 4F0078D529C659830054046E /* Recipe.swift */; };
		4F0078D829C6612E0054046E /* User.swift in Sources */ = {isa = PBXBuildFile; fileRef = 4F0078D729C6612E0054046E /* User.swift */; };
		4F0078DB29C664680054046E /* ReSwift in Frameworks */ = {isa = PBXBuildFile; productRef = 4F0078DA29C664680054046E /* ReSwift */; };
		4F0078DF29C664BA0054046E /* AppState.swift in Sources */ = {isa = PBXBuildFile; fileRef = 4F0078DE29C664BA0054046E /* AppState.swift */; };
		4F0078E129C665310054046E /* BindableStore.swift in Sources */ = {isa = PBXBuildFile; fileRef = 4F0078E029C665310054046E /* BindableStore.swift */; };
		4F0078E329C665500054046E /* CombineReducers.swift in Sources */ = {isa = PBXBuildFile; fileRef = 4F0078E229C665500054046E /* CombineReducers.swift */; };
		4F0078EC29C670ED0054046E /* RecipesReducer.swift in Sources */ = {isa = PBXBuildFile; fileRef = 4F0078EB29C670ED0054046E /* RecipesReducer.swift */; };
		4F0078EE29C671120054046E /* Action.swift in Sources */ = {isa = PBXBuildFile; fileRef = 4F0078ED29C671120054046E /* Action.swift */; };
		4F0078F029C674BB0054046E /* Location.swift in Sources */ = {isa = PBXBuildFile; fileRef = 4F0078EF29C674BB0054046E /* Location.swift */; };
		4F0078F329C675D50054046E /* ReSwiftThunk in Frameworks */ = {isa = PBXBuildFile; productRef = 4F0078F229C675D50054046E /* ReSwiftThunk */; };
		4F0078F629C677EE0054046E /* FetchThunk.swift in Sources */ = {isa = PBXBuildFile; fileRef = 4F0078F529C677EE0054046E /* FetchThunk.swift */; };
		4F0078F829C6833A0054046E /* Camera.swift in Sources */ = {isa = PBXBuildFile; fileRef = 4F0078F729C6833A0054046E /* Camera.swift */; };
		4F0078FA29C6990F0054046E /* RecipeCardView.swift in Sources */ = {isa = PBXBuildFile; fileRef = 4F0078F929C6990F0054046E /* RecipeCardView.swift */; };
		4F0078FD29C6A1A50054046E /* SDWebImageSwiftUI in Frameworks */ = {isa = PBXBuildFile; productRef = 4F0078FC29C6A1A50054046E /* SDWebImageSwiftUI */; };
		4F0078FF29C6A74F0054046E /* NumberPropView.swift in Sources */ = {isa = PBXBuildFile; fileRef = 4F0078FE29C6A74F0054046E /* NumberPropView.swift */; };
		4F00790129C6AAB80054046E /* RecipeType.swift in Sources */ = {isa = PBXBuildFile; fileRef = 4F00790029C6AAB80054046E /* RecipeType.swift */; };
		4F00790329C6B3CC0054046E /* RecipeDetailView.swift in Sources */ = {isa = PBXBuildFile; fileRef = 4F00790229C6B3CC0054046E /* RecipeDetailView.swift */; };
		4F00790529C7292F0054046E /* UserThunk.swift in Sources */ = {isa = PBXBuildFile; fileRef = 4F00790429C7292F0054046E /* UserThunk.swift */; };
		4F00790729C7299A0054046E /* UserReducer.swift in Sources */ = {isa = PBXBuildFile; fileRef = 4F00790629C7299A0054046E /* UserReducer.swift */; };
		4F369FD229C38E7E0050138C /* YapeRecipesApp.swift in Sources */ = {isa = PBXBuildFile; fileRef = 4F369FD129C38E7E0050138C /* YapeRecipesApp.swift */; };
		4F369FD629C38E820050138C /* Assets.xcassets in Resources */ = {isa = PBXBuildFile; fileRef = 4F369FD529C38E820050138C /* Assets.xcassets */; };
		4F369FD929C38E820050138C /* Preview Assets.xcassets in Resources */ = {isa = PBXBuildFile; fileRef = 4F369FD829C38E820050138C /* Preview Assets.xcassets */; };
		4F369FE329C38E820050138C /* YapeRecipesTests.swift in Sources */ = {isa = PBXBuildFile; fileRef = 4F369FE229C38E820050138C /* YapeRecipesTests.swift */; };
		4F369FED29C38E830050138C /* YapeRecipesUITests.swift in Sources */ = {isa = PBXBuildFile; fileRef = 4F369FEC29C38E830050138C /* YapeRecipesUITests.swift */; };
		4F369FEF29C38E830050138C /* YapeRecipesUITestsLaunchTests.swift in Sources */ = {isa = PBXBuildFile; fileRef = 4F369FEE29C38E830050138C /* YapeRecipesUITestsLaunchTests.swift */; };
		4F369FFE29C393100050138C /* GoogleService-Info.plist in Resources */ = {isa = PBXBuildFile; fileRef = 4F369FFD29C393100050138C /* GoogleService-Info.plist */; };
		4F36A01729C3A2840050138C /* Button+Styles.swift in Sources */ = {isa = PBXBuildFile; fileRef = 4F36A01629C3A2830050138C /* Button+Styles.swift */; };
		4F36A01929C3BC850050138C /* TextField+Styles.swift in Sources */ = {isa = PBXBuildFile; fileRef = 4F36A01829C3BC850050138C /* TextField+Styles.swift */; };
		4F81000129C76E1500BB1383 /* FirebAuth.swift in Sources */ = {isa = PBXBuildFile; fileRef = 4F81000029C76E1500BB1383 /* FirebAuth.swift */; };
		4F81000329C774A300BB1383 /* AddRecipeView.swift in Sources */ = {isa = PBXBuildFile; fileRef = 4F81000229C774A300BB1383 /* AddRecipeView.swift */; };
		4F81000629C7752100BB1383 /* SwiftUI-FAB in Frameworks */ = {isa = PBXBuildFile; productRef = 4F81000529C7752100BB1383 /* SwiftUI-FAB */; };
		4F81000829C782B800BB1383 /* RecipeStep.swift in Sources */ = {isa = PBXBuildFile; fileRef = 4F81000729C782B800BB1383 /* RecipeStep.swift */; };
		4F81000A29C78AAA00BB1383 /* ButtonImagePicker.swift in Sources */ = {isa = PBXBuildFile; fileRef = 4F81000929C78AAA00BB1383 /* ButtonImagePicker.swift */; };
		4F81000D29C78B8D00BB1383 /* ImagePicker.swift in Sources */ = {isa = PBXBuildFile; fileRef = 4F81000C29C78B8D00BB1383 /* ImagePicker.swift */; };
		4F81000F29C78E7E00BB1383 /* ImageThunk.swift in Sources */ = {isa = PBXBuildFile; fileRef = 4F81000E29C78E7E00BB1383 /* ImageThunk.swift */; };
		4F81001229C78FF200BB1383 /* FirebaseAnalytics in Frameworks */ = {isa = PBXBuildFile; productRef = 4F81001129C78FF200BB1383 /* FirebaseAnalytics */; };
		4F81001429C78FF200BB1383 /* FirebaseAnalyticsOnDeviceConversion in Frameworks */ = {isa = PBXBuildFile; productRef = 4F81001329C78FF200BB1383 /* FirebaseAnalyticsOnDeviceConversion */; };
		4F81001629C78FF200BB1383 /* FirebaseAnalyticsSwift in Frameworks */ = {isa = PBXBuildFile; productRef = 4F81001529C78FF200BB1383 /* FirebaseAnalyticsSwift */; };
		4F81001829C78FF200BB1383 /* FirebaseAnalyticsWithoutAdIdSupport in Frameworks */ = {isa = PBXBuildFile; productRef = 4F81001729C78FF200BB1383 /* FirebaseAnalyticsWithoutAdIdSupport */; };
		4F81001A29C78FF200BB1383 /* FirebaseAuth in Frameworks */ = {isa = PBXBuildFile; productRef = 4F81001929C78FF200BB1383 /* FirebaseAuth */; };
		4F81001C29C78FF200BB1383 /* FirebaseAuthCombine-Community in Frameworks */ = {isa = PBXBuildFile; productRef = 4F81001B29C78FF200BB1383 /* FirebaseAuthCombine-Community */; };
		4F81001E29C78FF200BB1383 /* FirebaseFirestore in Frameworks */ = {isa = PBXBuildFile; productRef = 4F81001D29C78FF200BB1383 /* FirebaseFirestore */; };
		4F81002029C78FF200BB1383 /* FirebaseFirestoreCombine-Community in Frameworks */ = {isa = PBXBuildFile; productRef = 4F81001F29C78FF200BB1383 /* FirebaseFirestoreCombine-Community */; };
		4F81002229C78FF200BB1383 /* FirebaseStorage in Frameworks */ = {isa = PBXBuildFile; productRef = 4F81002129C78FF200BB1383 /* FirebaseStorage */; };
		4F81002429C78FF200BB1383 /* FirebaseStorageCombine-Community in Frameworks */ = {isa = PBXBuildFile; productRef = 4F81002329C78FF200BB1383 /* FirebaseStorageCombine-Community */; };
		4F81002629C79B6000BB1383 /* RecipeThunk.swift in Sources */ = {isa = PBXBuildFile; fileRef = 4F81002529C79B6000BB1383 /* RecipeThunk.swift */; };
		4F81002829C7ADA500BB1383 /* RoundedIconButton.swift in Sources */ = {isa = PBXBuildFile; fileRef = 4F81002729C7ADA500BB1383 /* RoundedIconButton.swift */; };
		4F81002C29C7CE2400BB1383 /* ItemTab.swift in Sources */ = {isa = PBXBuildFile; fileRef = 4F81002B29C7CE2400BB1383 /* ItemTab.swift */; };
		4F81003929C8062800BB1383 /* Swinject in Frameworks */ = {isa = PBXBuildFile; productRef = 4F81003829C8062800BB1383 /* Swinject */; };
		4F81003C29C808C700BB1383 /* Inject.swift in Sources */ = {isa = PBXBuildFile; fileRef = 4F81003B29C808C700BB1383 /* Inject.swift */; };
		4F81004029C8A3F700BB1383 /* SearchThunk.swift in Sources */ = {isa = PBXBuildFile; fileRef = 4F81003F29C8A3F700BB1383 /* SearchThunk.swift */; };
		4F81004229C8ACF100BB1383 /* SearchView.swift in Sources */ = {isa = PBXBuildFile; fileRef = 4F81004129C8ACF100BB1383 /* SearchView.swift */; };
		4F81004429C9105600BB1383 /* SigninWithEmailView.swift in Sources */ = {isa = PBXBuildFile; fileRef = 4F81004329C9105600BB1383 /* SigninWithEmailView.swift */; };
		4F81004629C9148900BB1383 /* SignupView.swift in Sources */ = {isa = PBXBuildFile; fileRef = 4F81004529C9148900BB1383 /* SignupView.swift */; };
		4F81004829C93C4000BB1383 /* CustomTextField.swift in Sources */ = {isa = PBXBuildFile; fileRef = 4F81004729C93C4000BB1383 /* CustomTextField.swift */; };
		4F81004B29C940E200BB1383 /* FormValidator in Frameworks */ = {isa = PBXBuildFile; productRef = 4F81004A29C940E200BB1383 /* FormValidator */; };
		4F81004D29C943C800BB1383 /* SignupModel.swift in Sources */ = {isa = PBXBuildFile; fileRef = 4F81004C29C943C800BB1383 /* SignupModel.swift */; };
		4F81005129C9C9AB00BB1383 /* BackButton.swift in Sources */ = {isa = PBXBuildFile; fileRef = 4F81005029C9C9AB00BB1383 /* BackButton.swift */; };
		4F81005329C9DC8000BB1383 /* SigninModel.swift in Sources */ = {isa = PBXBuildFile; fileRef = 4F81005229C9DC8000BB1383 /* SigninModel.swift */; };
		4F81005529C9DD6E00BB1383 /* SimpleHeaderView.swift in Sources */ = {isa = PBXBuildFile; fileRef = 4F81005429C9DD6E00BB1383 /* SimpleHeaderView.swift */; };
		4F81005C29CA1CD900BB1383 /* FirebaseAnalytics in Frameworks */ = {isa = PBXBuildFile; productRef = 4F81005B29CA1CD900BB1383 /* FirebaseAnalytics */; };
		4F81005E29CA1CE300BB1383 /* FirebaseAuthCombine-Community in Frameworks */ = {isa = PBXBuildFile; productRef = 4F81005D29CA1CE300BB1383 /* FirebaseAuthCombine-Community */; };
		4F81006029CA1D1A00BB1383 /* FirebaseAppCheck in Frameworks */ = {isa = PBXBuildFile; productRef = 4F81005F29CA1D1A00BB1383 /* FirebaseAppCheck */; };
		4F81006229CA1D6C00BB1383 /* FirebaseFirestoreCombine-Community in Frameworks */ = {isa = PBXBuildFile; productRef = 4F81006129CA1D6C00BB1383 /* FirebaseFirestoreCombine-Community */; };
		4F81006429CA1D9700BB1383 /* FirebaseAnalyticsOnDeviceConversion in Frameworks */ = {isa = PBXBuildFile; productRef = 4F81006329CA1D9700BB1383 /* FirebaseAnalyticsOnDeviceConversion */; };
		4F81006629CA1D9700BB1383 /* FirebaseAnalyticsSwift in Frameworks */ = {isa = PBXBuildFile; productRef = 4F81006529CA1D9700BB1383 /* FirebaseAnalyticsSwift */; };
		4F81006829CA1D9700BB1383 /* FirebaseAnalyticsWithoutAdIdSupport in Frameworks */ = {isa = PBXBuildFile; productRef = 4F81006729CA1D9700BB1383 /* FirebaseAnalyticsWithoutAdIdSupport */; };
		4F81006A29CA1D9700BB1383 /* FirebaseAppDistribution-Beta in Frameworks */ = {isa = PBXBuildFile; productRef = 4F81006929CA1D9700BB1383 /* FirebaseAppDistribution-Beta */; };
		4F81006C29CA1D9700BB1383 /* FirebaseAuth in Frameworks */ = {isa = PBXBuildFile; productRef = 4F81006B29CA1D9700BB1383 /* FirebaseAuth */; };
		4F81006E29CA1D9700BB1383 /* FirebaseCrashlytics in Frameworks */ = {isa = PBXBuildFile; productRef = 4F81006D29CA1D9700BB1383 /* FirebaseCrashlytics */; };
		4F81007029CA1D9700BB1383 /* FirebaseDatabase in Frameworks */ = {isa = PBXBuildFile; productRef = 4F81006F29CA1D9700BB1383 /* FirebaseDatabase */; };
		4F81007229CA1D9700BB1383 /* FirebaseDatabaseSwift in Frameworks */ = {isa = PBXBuildFile; productRef = 4F81007129CA1D9700BB1383 /* FirebaseDatabaseSwift */; };
		4F81007429CA1D9700BB1383 /* FirebaseDynamicLinks in Frameworks */ = {isa = PBXBuildFile; productRef = 4F81007329CA1D9700BB1383 /* FirebaseDynamicLinks */; };
		4F81007629CA1D9700BB1383 /* FirebaseFirestore in Frameworks */ = {isa = PBXBuildFile; productRef = 4F81007529CA1D9700BB1383 /* FirebaseFirestore */; };
		4F81007829CA1D9700BB1383 /* FirebaseFirestoreSwift in Frameworks */ = {isa = PBXBuildFile; productRef = 4F81007729CA1D9700BB1383 /* FirebaseFirestoreSwift */; };
		4F81007A29CA1D9700BB1383 /* FirebaseFunctions in Frameworks */ = {isa = PBXBuildFile; productRef = 4F81007929CA1D9700BB1383 /* FirebaseFunctions */; };
		4F81007C29CA1D9700BB1383 /* FirebaseFunctionsCombine-Community in Frameworks */ = {isa = PBXBuildFile; productRef = 4F81007B29CA1D9700BB1383 /* FirebaseFunctionsCombine-Community */; };
		4F81007E29CA1D9700BB1383 /* FirebaseInAppMessaging-Beta in Frameworks */ = {isa = PBXBuildFile; productRef = 4F81007D29CA1D9700BB1383 /* FirebaseInAppMessaging-Beta */; };
		4F81008029CA1D9700BB1383 /* FirebaseInAppMessagingSwift-Beta in Frameworks */ = {isa = PBXBuildFile; productRef = 4F81007F29CA1D9700BB1383 /* FirebaseInAppMessagingSwift-Beta */; };
		4F81008229CA1D9700BB1383 /* FirebaseInstallations in Frameworks */ = {isa = PBXBuildFile; productRef = 4F81008129CA1D9700BB1383 /* FirebaseInstallations */; };
		4F81008429CA1D9700BB1383 /* FirebaseMessaging in Frameworks */ = {isa = PBXBuildFile; productRef = 4F81008329CA1D9700BB1383 /* FirebaseMessaging */; };
		4F81008629CA1D9700BB1383 /* FirebaseMLModelDownloader in Frameworks */ = {isa = PBXBuildFile; productRef = 4F81008529CA1D9700BB1383 /* FirebaseMLModelDownloader */; };
		4F81008829CA1D9700BB1383 /* FirebasePerformance in Frameworks */ = {isa = PBXBuildFile; productRef = 4F81008729CA1D9700BB1383 /* FirebasePerformance */; };
		4F81008A29CA1D9700BB1383 /* FirebaseRemoteConfig in Frameworks */ = {isa = PBXBuildFile; productRef = 4F81008929CA1D9700BB1383 /* FirebaseRemoteConfig */; };
		4F81008C29CA1D9700BB1383 /* FirebaseRemoteConfigSwift in Frameworks */ = {isa = PBXBuildFile; productRef = 4F81008B29CA1D9700BB1383 /* FirebaseRemoteConfigSwift */; };
		4F81008E29CA1D9700BB1383 /* FirebaseStorage in Frameworks */ = {isa = PBXBuildFile; productRef = 4F81008D29CA1D9700BB1383 /* FirebaseStorage */; };
		4F81009029CA1D9700BB1383 /* FirebaseStorageCombine-Community in Frameworks */ = {isa = PBXBuildFile; productRef = 4F81008F29CA1D9700BB1383 /* FirebaseStorageCombine-Community */; };
		4F81009229CA1DE200BB1383 /* SDWebImageSwiftUI in Frameworks */ = {isa = PBXBuildFile; productRef = 4F81009129CA1DE200BB1383 /* SDWebImageSwiftUI */; };
		4F81009429CA1E1D00BB1383 /* GoogleSignIn in Frameworks */ = {isa = PBXBuildFile; productRef = 4F81009329CA1E1D00BB1383 /* GoogleSignIn */; };
		4F81009629CA1E1D00BB1383 /* GoogleSignInSwift in Frameworks */ = {isa = PBXBuildFile; productRef = 4F81009529CA1E1D00BB1383 /* GoogleSignInSwift */; };
		4F81009B29CA20F600BB1383 /* RecipesReducerTest.swift in Sources */ = {isa = PBXBuildFile; fileRef = 4F81009A29CA20F600BB1383 /* RecipesReducerTest.swift */; };
		4F81009D29CA2B8F00BB1383 /* UserReducerTest.swift in Sources */ = {isa = PBXBuildFile; fileRef = 4F81009C29CA2B8F00BB1383 /* UserReducerTest.swift */; };
		4F8100A129CA879900BB1383 /* Lottie in Frameworks */ = {isa = PBXBuildFile; productRef = 4F8100A029CA879900BB1383 /* Lottie */; };
		4F8100A629CBB15700BB1383 /* LocationManager.swift in Sources */ = {isa = PBXBuildFile; fileRef = 4F8100A529CBB15700BB1383 /* LocationManager.swift */; };
		4F8100A829CD257800BB1383 /* NewIngredientView.swift in Sources */ = {isa = PBXBuildFile; fileRef = 4F8100A729CD257800BB1383 /* NewIngredientView.swift */; };
		4F8100AA29CD285300BB1383 /* AddRecipeModel.swift in Sources */ = {isa = PBXBuildFile; fileRef = 4F8100A929CD285300BB1383 /* AddRecipeModel.swift */; };
		4F81FFE929C74A7300BB1383 /* UserDetectView.swift in Sources */ = {isa = PBXBuildFile; fileRef = 4F81FFE829C74A7300BB1383 /* UserDetectView.swift */; };
		4F81FFF629C75C0600BB1383 /* ImageCardView.swift in Sources */ = {isa = PBXBuildFile; fileRef = 4F81FFF529C75C0600BB1383 /* ImageCardView.swift */; };
		4F81FFF929C75ED900BB1383 /* GoogleSignIn in Frameworks */ = {isa = PBXBuildFile; productRef = 4F81FFF829C75ED900BB1383 /* GoogleSignIn */; };
		4F81FFFB29C75ED900BB1383 /* GoogleSignInSwift in Frameworks */ = {isa = PBXBuildFile; productRef = 4F81FFFA29C75ED900BB1383 /* GoogleSignInSwift */; };
/* End PBXBuildFile section */

/* Begin PBXContainerItemProxy section */
		4F369FDF29C38E820050138C /* PBXContainerItemProxy */ = {
			isa = PBXContainerItemProxy;
			containerPortal = 4F369FC629C38E7E0050138C /* Project object */;
			proxyType = 1;
			remoteGlobalIDString = 4F369FCD29C38E7E0050138C;
			remoteInfo = YapeRecipes;
		};
		4F369FE929C38E830050138C /* PBXContainerItemProxy */ = {
			isa = PBXContainerItemProxy;
			containerPortal = 4F369FC629C38E7E0050138C /* Project object */;
			proxyType = 1;
			remoteGlobalIDString = 4F369FCD29C38E7E0050138C;
			remoteInfo = YapeRecipes;
		};
/* End PBXContainerItemProxy section */

/* Begin PBXFileReference section */
		4F0078B229C551CE0054046E /* MainView.swift */ = {isa = PBXFileReference; lastKnownFileType = sourcecode.swift; path = MainView.swift; sourceTree = "<group>"; };
		4F0078B829C5EE650054046E /* AppCoordinator.swift */ = {isa = PBXFileReference; lastKnownFileType = sourcecode.swift; path = AppCoordinator.swift; sourceTree = "<group>"; };
		4F0078BA29C5EE9B0054046E /* AppDestination.swift */ = {isa = PBXFileReference; lastKnownFileType = sourcecode.swift; path = AppDestination.swift; sourceTree = "<group>"; };
		4F0078BC29C5F0510054046E /* SigninView.swift */ = {isa = PBXFileReference; lastKnownFileType = sourcecode.swift; path = SigninView.swift; sourceTree = "<group>"; };
		4F0078C429C629F50054046E /* MapRecipesView.swift */ = {isa = PBXFileReference; lastKnownFileType = sourcecode.swift; path = MapRecipesView.swift; sourceTree = "<group>"; };
		4F0078C729C62B5E0054046E /* MapBoxMapView.swift */ = {isa = PBXFileReference; lastKnownFileType = sourcecode.swift; path = MapBoxMapView.swift; sourceTree = "<group>"; };
		4F0078CB29C63DE80054046E /* ProfileView.swift */ = {isa = PBXFileReference; lastKnownFileType = sourcecode.swift; path = ProfileView.swift; sourceTree = "<group>"; };
		4F0078CD29C63DF90054046E /* HomeView.swift */ = {isa = PBXFileReference; lastKnownFileType = sourcecode.swift; path = HomeView.swift; sourceTree = "<group>"; };
		4F0078D529C659830054046E /* Recipe.swift */ = {isa = PBXFileReference; lastKnownFileType = sourcecode.swift; path = Recipe.swift; sourceTree = "<group>"; };
		4F0078D729C6612E0054046E /* User.swift */ = {isa = PBXFileReference; lastKnownFileType = sourcecode.swift; path = User.swift; sourceTree = "<group>"; };
		4F0078DE29C664BA0054046E /* AppState.swift */ = {isa = PBXFileReference; lastKnownFileType = sourcecode.swift; path = AppState.swift; sourceTree = "<group>"; };
		4F0078E029C665310054046E /* BindableStore.swift */ = {isa = PBXFileReference; lastKnownFileType = sourcecode.swift; path = BindableStore.swift; sourceTree = "<group>"; };
		4F0078E229C665500054046E /* CombineReducers.swift */ = {isa = PBXFileReference; lastKnownFileType = sourcecode.swift; path = CombineReducers.swift; sourceTree = "<group>"; };
		4F0078EB29C670ED0054046E /* RecipesReducer.swift */ = {isa = PBXFileReference; lastKnownFileType = sourcecode.swift; path = RecipesReducer.swift; sourceTree = "<group>"; };
		4F0078ED29C671120054046E /* Action.swift */ = {isa = PBXFileReference; lastKnownFileType = sourcecode.swift; path = Action.swift; sourceTree = "<group>"; };
		4F0078EF29C674BB0054046E /* Location.swift */ = {isa = PBXFileReference; lastKnownFileType = sourcecode.swift; path = Location.swift; sourceTree = "<group>"; };
		4F0078F529C677EE0054046E /* FetchThunk.swift */ = {isa = PBXFileReference; lastKnownFileType = sourcecode.swift; path = FetchThunk.swift; sourceTree = "<group>"; };
		4F0078F729C6833A0054046E /* Camera.swift */ = {isa = PBXFileReference; lastKnownFileType = sourcecode.swift; path = Camera.swift; sourceTree = "<group>"; };
		4F0078F929C6990F0054046E /* RecipeCardView.swift */ = {isa = PBXFileReference; lastKnownFileType = sourcecode.swift; path = RecipeCardView.swift; sourceTree = "<group>"; };
		4F0078FE29C6A74F0054046E /* NumberPropView.swift */ = {isa = PBXFileReference; lastKnownFileType = sourcecode.swift; path = NumberPropView.swift; sourceTree = "<group>"; };
		4F00790029C6AAB80054046E /* RecipeType.swift */ = {isa = PBXFileReference; lastKnownFileType = sourcecode.swift; path = RecipeType.swift; sourceTree = "<group>"; };
		4F00790229C6B3CC0054046E /* RecipeDetailView.swift */ = {isa = PBXFileReference; lastKnownFileType = sourcecode.swift; path = RecipeDetailView.swift; sourceTree = "<group>"; };
		4F00790429C7292F0054046E /* UserThunk.swift */ = {isa = PBXFileReference; lastKnownFileType = sourcecode.swift; path = UserThunk.swift; sourceTree = "<group>"; };
		4F00790629C7299A0054046E /* UserReducer.swift */ = {isa = PBXFileReference; lastKnownFileType = sourcecode.swift; path = UserReducer.swift; sourceTree = "<group>"; };
		4F369FCE29C38E7E0050138C /* YapeRecipes.app */ = {isa = PBXFileReference; explicitFileType = wrapper.application; includeInIndex = 0; path = YapeRecipes.app; sourceTree = BUILT_PRODUCTS_DIR; };
		4F369FD129C38E7E0050138C /* YapeRecipesApp.swift */ = {isa = PBXFileReference; lastKnownFileType = sourcecode.swift; path = YapeRecipesApp.swift; sourceTree = "<group>"; };
		4F369FD529C38E820050138C /* Assets.xcassets */ = {isa = PBXFileReference; lastKnownFileType = folder.assetcatalog; path = Assets.xcassets; sourceTree = "<group>"; };
		4F369FD829C38E820050138C /* Preview Assets.xcassets */ = {isa = PBXFileReference; lastKnownFileType = folder.assetcatalog; path = "Preview Assets.xcassets"; sourceTree = "<group>"; };
		4F369FDE29C38E820050138C /* YapeRecipesTests.xctest */ = {isa = PBXFileReference; explicitFileType = wrapper.cfbundle; includeInIndex = 0; path = YapeRecipesTests.xctest; sourceTree = BUILT_PRODUCTS_DIR; };
		4F369FE229C38E820050138C /* YapeRecipesTests.swift */ = {isa = PBXFileReference; lastKnownFileType = sourcecode.swift; path = YapeRecipesTests.swift; sourceTree = "<group>"; };
		4F369FE829C38E830050138C /* YapeRecipesUITests.xctest */ = {isa = PBXFileReference; explicitFileType = wrapper.cfbundle; includeInIndex = 0; path = YapeRecipesUITests.xctest; sourceTree = BUILT_PRODUCTS_DIR; };
		4F369FEC29C38E830050138C /* YapeRecipesUITests.swift */ = {isa = PBXFileReference; lastKnownFileType = sourcecode.swift; path = YapeRecipesUITests.swift; sourceTree = "<group>"; };
		4F369FEE29C38E830050138C /* YapeRecipesUITestsLaunchTests.swift */ = {isa = PBXFileReference; lastKnownFileType = sourcecode.swift; path = YapeRecipesUITestsLaunchTests.swift; sourceTree = "<group>"; };
		4F369FFD29C393100050138C /* GoogleService-Info.plist */ = {isa = PBXFileReference; fileEncoding = 4; lastKnownFileType = text.plist.xml; path = "GoogleService-Info.plist"; sourceTree = "<group>"; };
		4F36A01629C3A2830050138C /* Button+Styles.swift */ = {isa = PBXFileReference; lastKnownFileType = sourcecode.swift; path = "Button+Styles.swift"; sourceTree = "<group>"; };
		4F36A01829C3BC850050138C /* TextField+Styles.swift */ = {isa = PBXFileReference; lastKnownFileType = sourcecode.swift; path = "TextField+Styles.swift"; sourceTree = "<group>"; };
		4F81000029C76E1500BB1383 /* FirebAuth.swift */ = {isa = PBXFileReference; fileEncoding = 4; lastKnownFileType = sourcecode.swift; path = FirebAuth.swift; sourceTree = "<group>"; };
		4F81000229C774A300BB1383 /* AddRecipeView.swift */ = {isa = PBXFileReference; lastKnownFileType = sourcecode.swift; path = AddRecipeView.swift; sourceTree = "<group>"; };
		4F81000729C782B800BB1383 /* RecipeStep.swift */ = {isa = PBXFileReference; lastKnownFileType = sourcecode.swift; path = RecipeStep.swift; sourceTree = "<group>"; };
		4F81000929C78AAA00BB1383 /* ButtonImagePicker.swift */ = {isa = PBXFileReference; lastKnownFileType = sourcecode.swift; path = ButtonImagePicker.swift; sourceTree = "<group>"; };
		4F81000C29C78B8D00BB1383 /* ImagePicker.swift */ = {isa = PBXFileReference; lastKnownFileType = sourcecode.swift; path = ImagePicker.swift; sourceTree = "<group>"; };
		4F81000E29C78E7E00BB1383 /* ImageThunk.swift */ = {isa = PBXFileReference; lastKnownFileType = sourcecode.swift; path = ImageThunk.swift; sourceTree = "<group>"; };
		4F81002529C79B6000BB1383 /* RecipeThunk.swift */ = {isa = PBXFileReference; lastKnownFileType = sourcecode.swift; path = RecipeThunk.swift; sourceTree = "<group>"; };
		4F81002729C7ADA500BB1383 /* RoundedIconButton.swift */ = {isa = PBXFileReference; lastKnownFileType = sourcecode.swift; path = RoundedIconButton.swift; sourceTree = "<group>"; };
		4F81002B29C7CE2400BB1383 /* ItemTab.swift */ = {isa = PBXFileReference; lastKnownFileType = sourcecode.swift; path = ItemTab.swift; sourceTree = "<group>"; };
		4F81003B29C808C700BB1383 /* Inject.swift */ = {isa = PBXFileReference; lastKnownFileType = sourcecode.swift; path = Inject.swift; sourceTree = "<group>"; };
		4F81003F29C8A3F700BB1383 /* SearchThunk.swift */ = {isa = PBXFileReference; lastKnownFileType = sourcecode.swift; path = SearchThunk.swift; sourceTree = "<group>"; };
		4F81004129C8ACF100BB1383 /* SearchView.swift */ = {isa = PBXFileReference; lastKnownFileType = sourcecode.swift; path = SearchView.swift; sourceTree = "<group>"; };
		4F81004329C9105600BB1383 /* SigninWithEmailView.swift */ = {isa = PBXFileReference; lastKnownFileType = sourcecode.swift; path = SigninWithEmailView.swift; sourceTree = "<group>"; };
		4F81004529C9148900BB1383 /* SignupView.swift */ = {isa = PBXFileReference; lastKnownFileType = sourcecode.swift; path = SignupView.swift; sourceTree = "<group>"; };
		4F81004729C93C4000BB1383 /* CustomTextField.swift */ = {isa = PBXFileReference; lastKnownFileType = sourcecode.swift; path = CustomTextField.swift; sourceTree = "<group>"; };
		4F81004C29C943C800BB1383 /* SignupModel.swift */ = {isa = PBXFileReference; lastKnownFileType = sourcecode.swift; path = SignupModel.swift; sourceTree = "<group>"; };
		4F81005029C9C9AB00BB1383 /* BackButton.swift */ = {isa = PBXFileReference; lastKnownFileType = sourcecode.swift; path = BackButton.swift; sourceTree = "<group>"; };
		4F81005229C9DC8000BB1383 /* SigninModel.swift */ = {isa = PBXFileReference; lastKnownFileType = sourcecode.swift; path = SigninModel.swift; sourceTree = "<group>"; };
		4F81005429C9DD6E00BB1383 /* SimpleHeaderView.swift */ = {isa = PBXFileReference; lastKnownFileType = sourcecode.swift; path = SimpleHeaderView.swift; sourceTree = "<group>"; };
		4F81009A29CA20F600BB1383 /* RecipesReducerTest.swift */ = {isa = PBXFileReference; lastKnownFileType = sourcecode.swift; path = RecipesReducerTest.swift; sourceTree = "<group>"; };
		4F81009C29CA2B8F00BB1383 /* UserReducerTest.swift */ = {isa = PBXFileReference; lastKnownFileType = sourcecode.swift; path = UserReducerTest.swift; sourceTree = "<group>"; };
		4F8100A529CBB15700BB1383 /* LocationManager.swift */ = {isa = PBXFileReference; lastKnownFileType = sourcecode.swift; path = LocationManager.swift; sourceTree = "<group>"; };
		4F8100A729CD257800BB1383 /* NewIngredientView.swift */ = {isa = PBXFileReference; lastKnownFileType = sourcecode.swift; path = NewIngredientView.swift; sourceTree = "<group>"; };
		4F8100A929CD285300BB1383 /* AddRecipeModel.swift */ = {isa = PBXFileReference; lastKnownFileType = sourcecode.swift; path = AddRecipeModel.swift; sourceTree = "<group>"; };
		4F81FFE829C74A7300BB1383 /* UserDetectView.swift */ = {isa = PBXFileReference; lastKnownFileType = sourcecode.swift; path = UserDetectView.swift; sourceTree = "<group>"; };
		4F81FFF529C75C0600BB1383 /* ImageCardView.swift */ = {isa = PBXFileReference; lastKnownFileType = sourcecode.swift; path = ImageCardView.swift; sourceTree = "<group>"; };
		4F81FFFC29C75FF300BB1383 /* Info.plist */ = {isa = PBXFileReference; lastKnownFileType = text.plist; path = Info.plist; sourceTree = "<group>"; };
/* End PBXFileReference section */

/* Begin PBXFrameworksBuildPhase section */
		4F369FCB29C38E7E0050138C /* Frameworks */ = {
			isa = PBXFrameworksBuildPhase;
			buildActionMask = 2147483647;
			files = (
				4F0078FD29C6A1A50054046E /* SDWebImageSwiftUI in Frameworks */,
				4F81FFFB29C75ED900BB1383 /* GoogleSignInSwift in Frameworks */,
				4F0078F329C675D50054046E /* ReSwiftThunk in Frameworks */,
				4F81001629C78FF200BB1383 /* FirebaseAnalyticsSwift in Frameworks */,
				4F81000629C7752100BB1383 /* SwiftUI-FAB in Frameworks */,
				4F81001C29C78FF200BB1383 /* FirebaseAuthCombine-Community in Frameworks */,
				4F81FFF929C75ED900BB1383 /* GoogleSignIn in Frameworks */,
				4F0078DB29C664680054046E /* ReSwift in Frameworks */,
				4F8100A129CA879900BB1383 /* Lottie in Frameworks */,
				4F81001E29C78FF200BB1383 /* FirebaseFirestore in Frameworks */,
				4F81003929C8062800BB1383 /* Swinject in Frameworks */,
				4F81002029C78FF200BB1383 /* FirebaseFirestoreCombine-Community in Frameworks */,
				4F81001829C78FF200BB1383 /* FirebaseAnalyticsWithoutAdIdSupport in Frameworks */,
				4F0078C329C629DE0054046E /* MapboxMaps in Frameworks */,
				4F81002229C78FF200BB1383 /* FirebaseStorage in Frameworks */,
				4F81001429C78FF200BB1383 /* FirebaseAnalyticsOnDeviceConversion in Frameworks */,
				4F81004B29C940E200BB1383 /* FormValidator in Frameworks */,
				4F81001A29C78FF200BB1383 /* FirebaseAuth in Frameworks */,
				4F0078B629C5EE390054046E /* Coordinator in Frameworks */,
				4F81002429C78FF200BB1383 /* FirebaseStorageCombine-Community in Frameworks */,
				4F81001229C78FF200BB1383 /* FirebaseAnalytics in Frameworks */,
			);
			runOnlyForDeploymentPostprocessing = 0;
		};
		4F369FDB29C38E820050138C /* Frameworks */ = {
			isa = PBXFrameworksBuildPhase;
			buildActionMask = 2147483647;
			files = (
				4F81009229CA1DE200BB1383 /* SDWebImageSwiftUI in Frameworks */,
				4F81007229CA1D9700BB1383 /* FirebaseDatabaseSwift in Frameworks */,
				4F81007C29CA1D9700BB1383 /* FirebaseFunctionsCombine-Community in Frameworks */,
				4F81006629CA1D9700BB1383 /* FirebaseAnalyticsSwift in Frameworks */,
				4F81005C29CA1CD900BB1383 /* FirebaseAnalytics in Frameworks */,
				4F81006229CA1D6C00BB1383 /* FirebaseFirestoreCombine-Community in Frameworks */,
				4F81006429CA1D9700BB1383 /* FirebaseAnalyticsOnDeviceConversion in Frameworks */,
				4F81007829CA1D9700BB1383 /* FirebaseFirestoreSwift in Frameworks */,
				4F81008629CA1D9700BB1383 /* FirebaseMLModelDownloader in Frameworks */,
				4F81009429CA1E1D00BB1383 /* GoogleSignIn in Frameworks */,
				4F81006C29CA1D9700BB1383 /* FirebaseAuth in Frameworks */,
				4F81006829CA1D9700BB1383 /* FirebaseAnalyticsWithoutAdIdSupport in Frameworks */,
				4F81008429CA1D9700BB1383 /* FirebaseMessaging in Frameworks */,
				4F81006029CA1D1A00BB1383 /* FirebaseAppCheck in Frameworks */,
				4F81008C29CA1D9700BB1383 /* FirebaseRemoteConfigSwift in Frameworks */,
				4F81009629CA1E1D00BB1383 /* GoogleSignInSwift in Frameworks */,
				4F81006E29CA1D9700BB1383 /* FirebaseCrashlytics in Frameworks */,
				4F81007E29CA1D9700BB1383 /* FirebaseInAppMessaging-Beta in Frameworks */,
				4F81007029CA1D9700BB1383 /* FirebaseDatabase in Frameworks */,
				4F81009029CA1D9700BB1383 /* FirebaseStorageCombine-Community in Frameworks */,
				4F81008A29CA1D9700BB1383 /* FirebaseRemoteConfig in Frameworks */,
				4F81007A29CA1D9700BB1383 /* FirebaseFunctions in Frameworks */,
				4F81005E29CA1CE300BB1383 /* FirebaseAuthCombine-Community in Frameworks */,
				4F81008829CA1D9700BB1383 /* FirebasePerformance in Frameworks */,
				4F81006A29CA1D9700BB1383 /* FirebaseAppDistribution-Beta in Frameworks */,
				4F81008E29CA1D9700BB1383 /* FirebaseStorage in Frameworks */,
				4F81008029CA1D9700BB1383 /* FirebaseInAppMessagingSwift-Beta in Frameworks */,
				4F81007429CA1D9700BB1383 /* FirebaseDynamicLinks in Frameworks */,
				4F81007629CA1D9700BB1383 /* FirebaseFirestore in Frameworks */,
				4F81008229CA1D9700BB1383 /* FirebaseInstallations in Frameworks */,
			);
			runOnlyForDeploymentPostprocessing = 0;
		};
		4F369FE529C38E830050138C /* Frameworks */ = {
			isa = PBXFrameworksBuildPhase;
			buildActionMask = 2147483647;
			files = (
			);
			runOnlyForDeploymentPostprocessing = 0;
		};
/* End PBXFrameworksBuildPhase section */

/* Begin PBXGroup section */
		4F0078B129C551AC0054046E /* Screens */ = {
			isa = PBXGroup;
			children = (
				4F0078B229C551CE0054046E /* MainView.swift */,
				4F0078BC29C5F0510054046E /* SigninView.swift */,
				4F0078C429C629F50054046E /* MapRecipesView.swift */,
				4F0078CB29C63DE80054046E /* ProfileView.swift */,
				4F0078CD29C63DF90054046E /* HomeView.swift */,
				4F00790229C6B3CC0054046E /* RecipeDetailView.swift */,
				4F81FFE829C74A7300BB1383 /* UserDetectView.swift */,
				4F81000229C774A300BB1383 /* AddRecipeView.swift */,
				4F81004129C8ACF100BB1383 /* SearchView.swift */,
				4F81004329C9105600BB1383 /* SigninWithEmailView.swift */,
				4F81004529C9148900BB1383 /* SignupView.swift */,
			);
			path = Screens;
			sourceTree = "<group>";
		};
		4F0078B729C5EE490054046E /* Coordinator */ = {
			isa = PBXGroup;
			children = (
				4F0078B829C5EE650054046E /* AppCoordinator.swift */,
				4F0078BA29C5EE9B0054046E /* AppDestination.swift */,
			);
			path = Coordinator;
			sourceTree = "<group>";
		};
		4F0078C629C62B4D0054046E /* map */ = {
			isa = PBXGroup;
			children = (
				4F0078C729C62B5E0054046E /* MapBoxMapView.swift */,
			);
			path = map;
			sourceTree = "<group>";
		};
		4F0078DC29C664950054046E /* Redux */ = {
			isa = PBXGroup;
			children = (
				4F0078EA29C670DA0054046E /* Reducers */,
				4F0078DD29C664A40054046E /* Core */,
			);
			path = Redux;
			sourceTree = "<group>";
		};
		4F0078DD29C664A40054046E /* Core */ = {
			isa = PBXGroup;
			children = (
				4F0078DE29C664BA0054046E /* AppState.swift */,
				4F0078E029C665310054046E /* BindableStore.swift */,
				4F0078E229C665500054046E /* CombineReducers.swift */,
				4F0078ED29C671120054046E /* Action.swift */,
			);
			path = Core;
			sourceTree = "<group>";
		};
		4F0078EA29C670DA0054046E /* Reducers */ = {
			isa = PBXGroup;
			children = (
				4F0078EB29C670ED0054046E /* RecipesReducer.swift */,
				4F00790629C7299A0054046E /* UserReducer.swift */,
			);
			path = Reducers;
			sourceTree = "<group>";
		};
		4F0078F429C677D90054046E /* Thunk */ = {
			isa = PBXGroup;
			children = (
				4F0078F529C677EE0054046E /* FetchThunk.swift */,
				4F00790429C7292F0054046E /* UserThunk.swift */,
				4F81000E29C78E7E00BB1383 /* ImageThunk.swift */,
				4F81002529C79B6000BB1383 /* RecipeThunk.swift */,
				4F81003F29C8A3F700BB1383 /* SearchThunk.swift */,
			);
			path = Thunk;
			sourceTree = "<group>";
		};
		4F369FC529C38E7E0050138C = {
			isa = PBXGroup;
			children = (
				4F369FD029C38E7E0050138C /* YapeRecipes */,
				4F369FE129C38E820050138C /* YapeRecipesTests */,
				4F369FEB29C38E830050138C /* YapeRecipesUITests */,
				4F369FCF29C38E7E0050138C /* Products */,
				4F81005A29CA1CD900BB1383 /* Frameworks */,
			);
			sourceTree = "<group>";
		};
		4F369FCF29C38E7E0050138C /* Products */ = {
			isa = PBXGroup;
			children = (
				4F369FCE29C38E7E0050138C /* YapeRecipes.app */,
				4F369FDE29C38E820050138C /* YapeRecipesTests.xctest */,
				4F369FE829C38E830050138C /* YapeRecipesUITests.xctest */,
			);
			name = Products;
			sourceTree = "<group>";
		};
		4F369FD029C38E7E0050138C /* YapeRecipes */ = {
			isa = PBXGroup;
			children = (
				4F8100A429CBB14800BB1383 /* Location */,
				4F81003A29C8084900BB1383 /* Inject */,
				4F81FFFF29C76E0B00BB1383 /* Utils */,
				4F81FFFC29C75FF300BB1383 /* Info.plist */,
				4F81FFEC29C74DA200BB1383 /* Assets */,
				4F0078F429C677D90054046E /* Thunk */,
				4F0078DC29C664950054046E /* Redux */,
				4F0078B729C5EE490054046E /* Coordinator */,
				4F369FFC29C390FA0050138C /* Model */,
				4F369FFB29C390E60050138C /* Views */,
				4F369FD129C38E7E0050138C /* YapeRecipesApp.swift */,
				4F369FD529C38E820050138C /* Assets.xcassets */,
				4F369FFD29C393100050138C /* GoogleService-Info.plist */,
				4F369FD729C38E820050138C /* Preview Content */,
			);
			path = YapeRecipes;
			sourceTree = "<group>";
		};
		4F369FD729C38E820050138C /* Preview Content */ = {
			isa = PBXGroup;
			children = (
				4F369FD829C38E820050138C /* Preview Assets.xcassets */,
			);
			path = "Preview Content";
			sourceTree = "<group>";
		};
		4F369FE129C38E820050138C /* YapeRecipesTests */ = {
			isa = PBXGroup;
			children = (
				4F81009E29CA2D3C00BB1383 /* Reducers */,
				4F369FE229C38E820050138C /* YapeRecipesTests.swift */,
			);
			path = YapeRecipesTests;
			sourceTree = "<group>";
		};
		4F369FEB29C38E830050138C /* YapeRecipesUITests */ = {
			isa = PBXGroup;
			children = (
				4F369FEC29C38E830050138C /* YapeRecipesUITests.swift */,
				4F369FEE29C38E830050138C /* YapeRecipesUITestsLaunchTests.swift */,
			);
			path = YapeRecipesUITests;
			sourceTree = "<group>";
		};
		4F369FFB29C390E60050138C /* Views */ = {
			isa = PBXGroup;
			children = (
				4F0078B129C551AC0054046E /* Screens */,
				4F36A01529C3A26C0050138C /* Styles */,
				4F36A01229C3A10D0050138C /* Components */,
			);
			path = Views;
			sourceTree = "<group>";
		};
		4F369FFC29C390FA0050138C /* Model */ = {
			isa = PBXGroup;
			children = (
				4F0078D529C659830054046E /* Recipe.swift */,
				4F0078D729C6612E0054046E /* User.swift */,
				4F0078EF29C674BB0054046E /* Location.swift */,
				4F0078F729C6833A0054046E /* Camera.swift */,
				4F00790029C6AAB80054046E /* RecipeType.swift */,
				4F81000729C782B800BB1383 /* RecipeStep.swift */,
				4F81004C29C943C800BB1383 /* SignupModel.swift */,
				4F81005229C9DC8000BB1383 /* SigninModel.swift */,
				4F8100A929CD285300BB1383 /* AddRecipeModel.swift */,
			);
			path = Model;
			sourceTree = "<group>";
		};
		4F36A01229C3A10D0050138C /* Components */ = {
			isa = PBXGroup;
			children = (
				4F81000B29C78B7F00BB1383 /* utils */,
				4F0078C629C62B4D0054046E /* map */,
				4F0078F929C6990F0054046E /* RecipeCardView.swift */,
				4F0078FE29C6A74F0054046E /* NumberPropView.swift */,
				4F81FFF529C75C0600BB1383 /* ImageCardView.swift */,
				4F81000929C78AAA00BB1383 /* ButtonImagePicker.swift */,
				4F81002729C7ADA500BB1383 /* RoundedIconButton.swift */,
				4F81002B29C7CE2400BB1383 /* ItemTab.swift */,
				4F81004729C93C4000BB1383 /* CustomTextField.swift */,
				4F81005029C9C9AB00BB1383 /* BackButton.swift */,
				4F81005429C9DD6E00BB1383 /* SimpleHeaderView.swift */,
				4F8100A729CD257800BB1383 /* NewIngredientView.swift */,
			);
			path = Components;
			sourceTree = "<group>";
		};
		4F36A01529C3A26C0050138C /* Styles */ = {
			isa = PBXGroup;
			children = (
				4F36A01629C3A2830050138C /* Button+Styles.swift */,
				4F36A01829C3BC850050138C /* TextField+Styles.swift */,
			);
			path = Styles;
			sourceTree = "<group>";
		};
		4F81000B29C78B7F00BB1383 /* utils */ = {
			isa = PBXGroup;
			children = (
				4F81000C29C78B8D00BB1383 /* ImagePicker.swift */,
			);
			path = utils;
			sourceTree = "<group>";
		};
		4F81003A29C8084900BB1383 /* Inject */ = {
			isa = PBXGroup;
			children = (
				4F81003B29C808C700BB1383 /* Inject.swift */,
			);
			path = Inject;
			sourceTree = "<group>";
		};
		4F81005A29CA1CD900BB1383 /* Frameworks */ = {
			isa = PBXGroup;
			children = (
			);
			name = Frameworks;
			sourceTree = "<group>";
		};
		4F81009E29CA2D3C00BB1383 /* Reducers */ = {
			isa = PBXGroup;
			children = (
				4F81009A29CA20F600BB1383 /* RecipesReducerTest.swift */,
				4F81009C29CA2B8F00BB1383 /* UserReducerTest.swift */,
			);
			path = Reducers;
			sourceTree = "<group>";
		};
		4F8100A429CBB14800BB1383 /* Location */ = {
			isa = PBXGroup;
			children = (
				4F8100A529CBB15700BB1383 /* LocationManager.swift */,
			);
			path = Location;
			sourceTree = "<group>";
		};
		4F81FFEC29C74DA200BB1383 /* Assets */ = {
			isa = PBXGroup;
			children = (
			);
			path = Assets;
			sourceTree = "<group>";
		};
		4F81FFFF29C76E0B00BB1383 /* Utils */ = {
			isa = PBXGroup;
			children = (
				4F81000029C76E1500BB1383 /* FirebAuth.swift */,
			);
			path = Utils;
			sourceTree = "<group>";
		};
/* End PBXGroup section */

/* Begin PBXNativeTarget section */
		4F369FCD29C38E7E0050138C /* YapeRecipes */ = {
			isa = PBXNativeTarget;
			buildConfigurationList = 4F369FF229C38E830050138C /* Build configuration list for PBXNativeTarget "YapeRecipes" */;
			buildPhases = (
				4F369FCA29C38E7E0050138C /* Sources */,
				4F369FCB29C38E7E0050138C /* Frameworks */,
				4F369FCC29C38E7E0050138C /* Resources */,
			);
			buildRules = (
			);
			dependencies = (
			);
			name = YapeRecipes;
			packageProductDependencies = (
				4F0078B529C5EE390054046E /* Coordinator */,
				4F0078C229C629DE0054046E /* MapboxMaps */,
				4F0078DA29C664680054046E /* ReSwift */,
				4F0078F229C675D50054046E /* ReSwiftThunk */,
				4F0078FC29C6A1A50054046E /* SDWebImageSwiftUI */,
				4F81FFF829C75ED900BB1383 /* GoogleSignIn */,
				4F81FFFA29C75ED900BB1383 /* GoogleSignInSwift */,
				4F81000529C7752100BB1383 /* SwiftUI-FAB */,
				4F81001129C78FF200BB1383 /* FirebaseAnalytics */,
				4F81001329C78FF200BB1383 /* FirebaseAnalyticsOnDeviceConversion */,
				4F81001529C78FF200BB1383 /* FirebaseAnalyticsSwift */,
				4F81001729C78FF200BB1383 /* FirebaseAnalyticsWithoutAdIdSupport */,
				4F81001929C78FF200BB1383 /* FirebaseAuth */,
				4F81001B29C78FF200BB1383 /* FirebaseAuthCombine-Community */,
				4F81001D29C78FF200BB1383 /* FirebaseFirestore */,
				4F81001F29C78FF200BB1383 /* FirebaseFirestoreCombine-Community */,
				4F81002129C78FF200BB1383 /* FirebaseStorage */,
				4F81002329C78FF200BB1383 /* FirebaseStorageCombine-Community */,
				4F81003829C8062800BB1383 /* Swinject */,
				4F81004A29C940E200BB1383 /* FormValidator */,
				4F8100A029CA879900BB1383 /* Lottie */,
			);
			productName = YapeRecipes;
			productReference = 4F369FCE29C38E7E0050138C /* YapeRecipes.app */;
			productType = "com.apple.product-type.application";
		};
		4F369FDD29C38E820050138C /* YapeRecipesTests */ = {
			isa = PBXNativeTarget;
			buildConfigurationList = 4F369FF529C38E830050138C /* Build configuration list for PBXNativeTarget "YapeRecipesTests" */;
			buildPhases = (
				4F369FDA29C38E820050138C /* Sources */,
				4F369FDB29C38E820050138C /* Frameworks */,
				4F369FDC29C38E820050138C /* Resources */,
			);
			buildRules = (
			);
			dependencies = (
				4F369FE029C38E820050138C /* PBXTargetDependency */,
			);
			name = YapeRecipesTests;
			packageProductDependencies = (
				4F81005B29CA1CD900BB1383 /* FirebaseAnalytics */,
				4F81005D29CA1CE300BB1383 /* FirebaseAuthCombine-Community */,
				4F81005F29CA1D1A00BB1383 /* FirebaseAppCheck */,
				4F81006129CA1D6C00BB1383 /* FirebaseFirestoreCombine-Community */,
				4F81006329CA1D9700BB1383 /* FirebaseAnalyticsOnDeviceConversion */,
				4F81006529CA1D9700BB1383 /* FirebaseAnalyticsSwift */,
				4F81006729CA1D9700BB1383 /* FirebaseAnalyticsWithoutAdIdSupport */,
				4F81006929CA1D9700BB1383 /* FirebaseAppDistribution-Beta */,
				4F81006B29CA1D9700BB1383 /* FirebaseAuth */,
				4F81006D29CA1D9700BB1383 /* FirebaseCrashlytics */,
				4F81006F29CA1D9700BB1383 /* FirebaseDatabase */,
				4F81007129CA1D9700BB1383 /* FirebaseDatabaseSwift */,
				4F81007329CA1D9700BB1383 /* FirebaseDynamicLinks */,
				4F81007529CA1D9700BB1383 /* FirebaseFirestore */,
				4F81007729CA1D9700BB1383 /* FirebaseFirestoreSwift */,
				4F81007929CA1D9700BB1383 /* FirebaseFunctions */,
				4F81007B29CA1D9700BB1383 /* FirebaseFunctionsCombine-Community */,
				4F81007D29CA1D9700BB1383 /* FirebaseInAppMessaging-Beta */,
				4F81007F29CA1D9700BB1383 /* FirebaseInAppMessagingSwift-Beta */,
				4F81008129CA1D9700BB1383 /* FirebaseInstallations */,
				4F81008329CA1D9700BB1383 /* FirebaseMessaging */,
				4F81008529CA1D9700BB1383 /* FirebaseMLModelDownloader */,
				4F81008729CA1D9700BB1383 /* FirebasePerformance */,
				4F81008929CA1D9700BB1383 /* FirebaseRemoteConfig */,
				4F81008B29CA1D9700BB1383 /* FirebaseRemoteConfigSwift */,
				4F81008D29CA1D9700BB1383 /* FirebaseStorage */,
				4F81008F29CA1D9700BB1383 /* FirebaseStorageCombine-Community */,
				4F81009129CA1DE200BB1383 /* SDWebImageSwiftUI */,
				4F81009329CA1E1D00BB1383 /* GoogleSignIn */,
				4F81009529CA1E1D00BB1383 /* GoogleSignInSwift */,
			);
			productName = YapeRecipesTests;
			productReference = 4F369FDE29C38E820050138C /* YapeRecipesTests.xctest */;
			productType = "com.apple.product-type.bundle.unit-test";
		};
		4F369FE729C38E830050138C /* YapeRecipesUITests */ = {
			isa = PBXNativeTarget;
			buildConfigurationList = 4F369FF829C38E830050138C /* Build configuration list for PBXNativeTarget "YapeRecipesUITests" */;
			buildPhases = (
				4F369FE429C38E830050138C /* Sources */,
				4F369FE529C38E830050138C /* Frameworks */,
				4F369FE629C38E830050138C /* Resources */,
			);
			buildRules = (
			);
			dependencies = (
				4F369FEA29C38E830050138C /* PBXTargetDependency */,
			);
			name = YapeRecipesUITests;
			productName = YapeRecipesUITests;
			productReference = 4F369FE829C38E830050138C /* YapeRecipesUITests.xctest */;
			productType = "com.apple.product-type.bundle.ui-testing";
		};
/* End PBXNativeTarget section */

/* Begin PBXProject section */
		4F369FC629C38E7E0050138C /* Project object */ = {
			isa = PBXProject;
			attributes = {
				BuildIndependentTargetsInParallel = 1;
				LastSwiftUpdateCheck = 1420;
				LastUpgradeCheck = 1420;
				TargetAttributes = {
					4F369FCD29C38E7E0050138C = {
						CreatedOnToolsVersion = 14.2;
					};
					4F369FDD29C38E820050138C = {
						CreatedOnToolsVersion = 14.2;
						TestTargetID = 4F369FCD29C38E7E0050138C;
					};
					4F369FE729C38E830050138C = {
						CreatedOnToolsVersion = 14.2;
						TestTargetID = 4F369FCD29C38E7E0050138C;
					};
				};
			};
			buildConfigurationList = 4F369FC929C38E7E0050138C /* Build configuration list for PBXProject "YapeRecipes" */;
			compatibilityVersion = "Xcode 14.0";
			developmentRegion = en;
			hasScannedForEncodings = 0;
			knownRegions = (
				en,
				es,
			);
			mainGroup = 4F369FC529C38E7E0050138C;
			packageReferences = (
				4F0078B429C5EE390054046E /* XCRemoteSwiftPackageReference "Coordinator" */,
				4F0078C129C629DE0054046E /* XCRemoteSwiftPackageReference "mapbox-maps-ios" */,
				4F0078D929C664680054046E /* XCRemoteSwiftPackageReference "ReSwift" */,
				4F0078F129C675D50054046E /* XCRemoteSwiftPackageReference "ReSwift-Thunk" */,
				4F0078FB29C6A1A50054046E /* XCRemoteSwiftPackageReference "SDWebImageSwiftUI" */,
				4F81FFF729C75ED900BB1383 /* XCRemoteSwiftPackageReference "GoogleSignIn-iOS" */,
				4F81000429C7752100BB1383 /* XCRemoteSwiftPackageReference "SwiftUI-FAB" */,
				4F81001029C78FF200BB1383 /* XCRemoteSwiftPackageReference "firebase-ios-sdk" */,
				4F81003729C8062800BB1383 /* XCRemoteSwiftPackageReference "Swinject" */,
				4F81004929C940E200BB1383 /* XCRemoteSwiftPackageReference "SwiftUIFormValidator" */,
				4F81009F29CA879400BB1383 /* XCRemoteSwiftPackageReference "lottie-ios" */,
			);
			productRefGroup = 4F369FCF29C38E7E0050138C /* Products */;
			projectDirPath = "";
			projectRoot = "";
			targets = (
				4F369FCD29C38E7E0050138C /* YapeRecipes */,
				4F369FDD29C38E820050138C /* YapeRecipesTests */,
				4F369FE729C38E830050138C /* YapeRecipesUITests */,
			);
		};
/* End PBXProject section */

/* Begin PBXResourcesBuildPhase section */
		4F369FCC29C38E7E0050138C /* Resources */ = {
			isa = PBXResourcesBuildPhase;
			buildActionMask = 2147483647;
			files = (
				4F369FD929C38E820050138C /* Preview Assets.xcassets in Resources */,
				4F369FFE29C393100050138C /* GoogleService-Info.plist in Resources */,
				4F369FD629C38E820050138C /* Assets.xcassets in Resources */,
			);
			runOnlyForDeploymentPostprocessing = 0;
		};
		4F369FDC29C38E820050138C /* Resources */ = {
			isa = PBXResourcesBuildPhase;
			buildActionMask = 2147483647;
			files = (
			);
			runOnlyForDeploymentPostprocessing = 0;
		};
		4F369FE629C38E830050138C /* Resources */ = {
			isa = PBXResourcesBuildPhase;
			buildActionMask = 2147483647;
			files = (
			);
			runOnlyForDeploymentPostprocessing = 0;
		};
/* End PBXResourcesBuildPhase section */

/* Begin PBXSourcesBuildPhase section */
		4F369FCA29C38E7E0050138C /* Sources */ = {
			isa = PBXSourcesBuildPhase;
			buildActionMask = 2147483647;
			files = (
				4F8100A829CD257800BB1383 /* NewIngredientView.swift in Sources */,
				4F0078EC29C670ED0054046E /* RecipesReducer.swift in Sources */,
				4F00790329C6B3CC0054046E /* RecipeDetailView.swift in Sources */,
				4F8100A629CBB15700BB1383 /* LocationManager.swift in Sources */,
				4F0078EE29C671120054046E /* Action.swift in Sources */,
				4F0078E129C665310054046E /* BindableStore.swift in Sources */,
				4F81000129C76E1500BB1383 /* FirebAuth.swift in Sources */,
				4F81005329C9DC8000BB1383 /* SigninModel.swift in Sources */,
				4F0078CE29C63DF90054046E /* HomeView.swift in Sources */,
				4F8100AA29CD285300BB1383 /* AddRecipeModel.swift in Sources */,
				4F0078CC29C63DE80054046E /* ProfileView.swift in Sources */,
				4F0078DF29C664BA0054046E /* AppState.swift in Sources */,
				4F0078F629C677EE0054046E /* FetchThunk.swift in Sources */,
				4F0078F829C6833A0054046E /* Camera.swift in Sources */,
				4F81000329C774A300BB1383 /* AddRecipeView.swift in Sources */,
				4F0078C529C629F50054046E /* MapRecipesView.swift in Sources */,
				4F00790529C7292F0054046E /* UserThunk.swift in Sources */,
				4F0078FF29C6A74F0054046E /* NumberPropView.swift in Sources */,
				4F81004229C8ACF100BB1383 /* SearchView.swift in Sources */,
				4F81004029C8A3F700BB1383 /* SearchThunk.swift in Sources */,
				4F81002629C79B6000BB1383 /* RecipeThunk.swift in Sources */,
				4F81FFF629C75C0600BB1383 /* ImageCardView.swift in Sources */,
				4F00790129C6AAB80054046E /* RecipeType.swift in Sources */,
				4F00790729C7299A0054046E /* UserReducer.swift in Sources */,
				4F81004629C9148900BB1383 /* SignupView.swift in Sources */,
				4F81003C29C808C700BB1383 /* Inject.swift in Sources */,
				4F81005129C9C9AB00BB1383 /* BackButton.swift in Sources */,
				4F81000D29C78B8D00BB1383 /* ImagePicker.swift in Sources */,
				4F0078E329C665500054046E /* CombineReducers.swift in Sources */,
				4F81002829C7ADA500BB1383 /* RoundedIconButton.swift in Sources */,
				4F0078C829C62B5E0054046E /* MapBoxMapView.swift in Sources */,
				4F81002C29C7CE2400BB1383 /* ItemTab.swift in Sources */,
				4F81000A29C78AAA00BB1383 /* ButtonImagePicker.swift in Sources */,
				4F0078B329C551CE0054046E /* MainView.swift in Sources */,
				4F0078BD29C5F0510054046E /* SigninView.swift in Sources */,
				4F0078D829C6612E0054046E /* User.swift in Sources */,
				4F81000F29C78E7E00BB1383 /* ImageThunk.swift in Sources */,
				4F81000829C782B800BB1383 /* RecipeStep.swift in Sources */,
				4F0078BB29C5EE9B0054046E /* AppDestination.swift in Sources */,
				4F0078F029C674BB0054046E /* Location.swift in Sources */,
				4F0078B929C5EE650054046E /* AppCoordinator.swift in Sources */,
				4F36A01729C3A2840050138C /* Button+Styles.swift in Sources */,
				4F81FFE929C74A7300BB1383 /* UserDetectView.swift in Sources */,
				4F81005529C9DD6E00BB1383 /* SimpleHeaderView.swift in Sources */,
				4F369FD229C38E7E0050138C /* YapeRecipesApp.swift in Sources */,
				4F0078FA29C6990F0054046E /* RecipeCardView.swift in Sources */,
				4F36A01929C3BC850050138C /* TextField+Styles.swift in Sources */,
				4F0078D629C659830054046E /* Recipe.swift in Sources */,
				4F81004D29C943C800BB1383 /* SignupModel.swift in Sources */,
				4F81004429C9105600BB1383 /* SigninWithEmailView.swift in Sources */,
				4F81004829C93C4000BB1383 /* CustomTextField.swift in Sources */,
			);
			runOnlyForDeploymentPostprocessing = 0;
		};
		4F369FDA29C38E820050138C /* Sources */ = {
			isa = PBXSourcesBuildPhase;
			buildActionMask = 2147483647;
			files = (
				4F81009B29CA20F600BB1383 /* RecipesReducerTest.swift in Sources */,
				4F81009D29CA2B8F00BB1383 /* UserReducerTest.swift in Sources */,
				4F369FE329C38E820050138C /* YapeRecipesTests.swift in Sources */,
			);
			runOnlyForDeploymentPostprocessing = 0;
		};
		4F369FE429C38E830050138C /* Sources */ = {
			isa = PBXSourcesBuildPhase;
			buildActionMask = 2147483647;
			files = (
				4F369FED29C38E830050138C /* YapeRecipesUITests.swift in Sources */,
				4F369FEF29C38E830050138C /* YapeRecipesUITestsLaunchTests.swift in Sources */,
			);
			runOnlyForDeploymentPostprocessing = 0;
		};
/* End PBXSourcesBuildPhase section */

/* Begin PBXTargetDependency section */
		4F369FE029C38E820050138C /* PBXTargetDependency */ = {
			isa = PBXTargetDependency;
			target = 4F369FCD29C38E7E0050138C /* YapeRecipes */;
			targetProxy = 4F369FDF29C38E820050138C /* PBXContainerItemProxy */;
		};
		4F369FEA29C38E830050138C /* PBXTargetDependency */ = {
			isa = PBXTargetDependency;
			target = 4F369FCD29C38E7E0050138C /* YapeRecipes */;
			targetProxy = 4F369FE929C38E830050138C /* PBXContainerItemProxy */;
		};
/* End PBXTargetDependency section */

/* Begin XCBuildConfiguration section */
		4F369FF029C38E830050138C /* Debug */ = {
			isa = XCBuildConfiguration;
			buildSettings = {
				ALWAYS_SEARCH_USER_PATHS = NO;
				CLANG_ANALYZER_NONNULL = YES;
				CLANG_ANALYZER_NUMBER_OBJECT_CONVERSION = YES_AGGRESSIVE;
				CLANG_CXX_LANGUAGE_STANDARD = "gnu++20";
				CLANG_ENABLE_MODULES = YES;
				CLANG_ENABLE_OBJC_ARC = YES;
				CLANG_ENABLE_OBJC_WEAK = YES;
				CLANG_WARN_BLOCK_CAPTURE_AUTORELEASING = YES;
				CLANG_WARN_BOOL_CONVERSION = YES;
				CLANG_WARN_COMMA = YES;
				CLANG_WARN_CONSTANT_CONVERSION = YES;
				CLANG_WARN_DEPRECATED_OBJC_IMPLEMENTATIONS = YES;
				CLANG_WARN_DIRECT_OBJC_ISA_USAGE = YES_ERROR;
				CLANG_WARN_DOCUMENTATION_COMMENTS = YES;
				CLANG_WARN_EMPTY_BODY = YES;
				CLANG_WARN_ENUM_CONVERSION = YES;
				CLANG_WARN_INFINITE_RECURSION = YES;
				CLANG_WARN_INT_CONVERSION = YES;
				CLANG_WARN_NON_LITERAL_NULL_CONVERSION = YES;
				CLANG_WARN_OBJC_IMPLICIT_RETAIN_SELF = YES;
				CLANG_WARN_OBJC_LITERAL_CONVERSION = YES;
				CLANG_WARN_OBJC_ROOT_CLASS = YES_ERROR;
				CLANG_WARN_QUOTED_INCLUDE_IN_FRAMEWORK_HEADER = YES;
				CLANG_WARN_RANGE_LOOP_ANALYSIS = YES;
				CLANG_WARN_STRICT_PROTOTYPES = YES;
				CLANG_WARN_SUSPICIOUS_MOVE = YES;
				CLANG_WARN_UNGUARDED_AVAILABILITY = YES_AGGRESSIVE;
				CLANG_WARN_UNREACHABLE_CODE = YES;
				CLANG_WARN__DUPLICATE_METHOD_MATCH = YES;
				COPY_PHASE_STRIP = NO;
				DEBUG_INFORMATION_FORMAT = dwarf;
				ENABLE_STRICT_OBJC_MSGSEND = YES;
				ENABLE_TESTABILITY = YES;
				GCC_C_LANGUAGE_STANDARD = gnu11;
				GCC_DYNAMIC_NO_PIC = NO;
				GCC_NO_COMMON_BLOCKS = YES;
				GCC_OPTIMIZATION_LEVEL = 0;
				GCC_PREPROCESSOR_DEFINITIONS = (
					"DEBUG=1",
					"$(inherited)",
				);
				GCC_WARN_64_TO_32_BIT_CONVERSION = YES;
				GCC_WARN_ABOUT_RETURN_TYPE = YES_ERROR;
				GCC_WARN_UNDECLARED_SELECTOR = YES;
				GCC_WARN_UNINITIALIZED_AUTOS = YES_AGGRESSIVE;
				GCC_WARN_UNUSED_FUNCTION = YES;
				GCC_WARN_UNUSED_VARIABLE = YES;
				IPHONEOS_DEPLOYMENT_TARGET = 16.2;
				MTL_ENABLE_DEBUG_INFO = INCLUDE_SOURCE;
				MTL_FAST_MATH = YES;
				ONLY_ACTIVE_ARCH = YES;
				SDKROOT = iphoneos;
				SWIFT_ACTIVE_COMPILATION_CONDITIONS = DEBUG;
				SWIFT_OPTIMIZATION_LEVEL = "-Onone";
			};
			name = Debug;
		};
		4F369FF129C38E830050138C /* Release */ = {
			isa = XCBuildConfiguration;
			buildSettings = {
				ALWAYS_SEARCH_USER_PATHS = NO;
				CLANG_ANALYZER_NONNULL = YES;
				CLANG_ANALYZER_NUMBER_OBJECT_CONVERSION = YES_AGGRESSIVE;
				CLANG_CXX_LANGUAGE_STANDARD = "gnu++20";
				CLANG_ENABLE_MODULES = YES;
				CLANG_ENABLE_OBJC_ARC = YES;
				CLANG_ENABLE_OBJC_WEAK = YES;
				CLANG_WARN_BLOCK_CAPTURE_AUTORELEASING = YES;
				CLANG_WARN_BOOL_CONVERSION = YES;
				CLANG_WARN_COMMA = YES;
				CLANG_WARN_CONSTANT_CONVERSION = YES;
				CLANG_WARN_DEPRECATED_OBJC_IMPLEMENTATIONS = YES;
				CLANG_WARN_DIRECT_OBJC_ISA_USAGE = YES_ERROR;
				CLANG_WARN_DOCUMENTATION_COMMENTS = YES;
				CLANG_WARN_EMPTY_BODY = YES;
				CLANG_WARN_ENUM_CONVERSION = YES;
				CLANG_WARN_INFINITE_RECURSION = YES;
				CLANG_WARN_INT_CONVERSION = YES;
				CLANG_WARN_NON_LITERAL_NULL_CONVERSION = YES;
				CLANG_WARN_OBJC_IMPLICIT_RETAIN_SELF = YES;
				CLANG_WARN_OBJC_LITERAL_CONVERSION = YES;
				CLANG_WARN_OBJC_ROOT_CLASS = YES_ERROR;
				CLANG_WARN_QUOTED_INCLUDE_IN_FRAMEWORK_HEADER = YES;
				CLANG_WARN_RANGE_LOOP_ANALYSIS = YES;
				CLANG_WARN_STRICT_PROTOTYPES = YES;
				CLANG_WARN_SUSPICIOUS_MOVE = YES;
				CLANG_WARN_UNGUARDED_AVAILABILITY = YES_AGGRESSIVE;
				CLANG_WARN_UNREACHABLE_CODE = YES;
				CLANG_WARN__DUPLICATE_METHOD_MATCH = YES;
				COPY_PHASE_STRIP = NO;
				DEBUG_INFORMATION_FORMAT = "dwarf-with-dsym";
				ENABLE_NS_ASSERTIONS = NO;
				ENABLE_STRICT_OBJC_MSGSEND = YES;
				GCC_C_LANGUAGE_STANDARD = gnu11;
				GCC_NO_COMMON_BLOCKS = YES;
				GCC_WARN_64_TO_32_BIT_CONVERSION = YES;
				GCC_WARN_ABOUT_RETURN_TYPE = YES_ERROR;
				GCC_WARN_UNDECLARED_SELECTOR = YES;
				GCC_WARN_UNINITIALIZED_AUTOS = YES_AGGRESSIVE;
				GCC_WARN_UNUSED_FUNCTION = YES;
				GCC_WARN_UNUSED_VARIABLE = YES;
				IPHONEOS_DEPLOYMENT_TARGET = 16.2;
				MTL_ENABLE_DEBUG_INFO = NO;
				MTL_FAST_MATH = YES;
				SDKROOT = iphoneos;
				SWIFT_COMPILATION_MODE = wholemodule;
				SWIFT_OPTIMIZATION_LEVEL = "-O";
				VALIDATE_PRODUCT = YES;
			};
			name = Release;
		};
		4F369FF329C38E830050138C /* Debug */ = {
			isa = XCBuildConfiguration;
			buildSettings = {
				ASSETCATALOG_COMPILER_APPICON_NAME = AppIcon;
				ASSETCATALOG_COMPILER_GLOBAL_ACCENT_COLOR_NAME = AccentColor;
				CODE_SIGN_STYLE = Automatic;
				CURRENT_PROJECT_VERSION = 1;
				DEVELOPMENT_ASSET_PATHS = "\"YapeRecipes/Preview Content\"";
				DEVELOPMENT_TEAM = 2BF9HG77P9;
				ENABLE_PREVIEWS = YES;
				GENERATE_INFOPLIST_FILE = YES;
				INFOPLIST_FILE = YapeRecipes/Info.plist;
				INFOPLIST_KEY_UIApplicationSceneManifest_Generation = YES;
				INFOPLIST_KEY_UIApplicationSupportsIndirectInputEvents = YES;
				INFOPLIST_KEY_UILaunchScreen_Generation = YES;
				INFOPLIST_KEY_UISupportedInterfaceOrientations_iPad = "UIInterfaceOrientationPortrait UIInterfaceOrientationPortraitUpsideDown UIInterfaceOrientationLandscapeLeft UIInterfaceOrientationLandscapeRight";
				INFOPLIST_KEY_UISupportedInterfaceOrientations_iPhone = "UIInterfaceOrientationPortrait UIInterfaceOrientationLandscapeLeft UIInterfaceOrientationLandscapeRight";
				LD_RUNPATH_SEARCH_PATHS = (
					"$(inherited)",
					"@executable_path/Frameworks",
				);
				MARKETING_VERSION = 1.0;
				PRODUCT_BUNDLE_IDENTIFIER = com.blueprint.YapeRecipes;
				PRODUCT_NAME = "$(TARGET_NAME)";
				SWIFT_EMIT_LOC_STRINGS = YES;
				SWIFT_VERSION = 5.0;
				TARGETED_DEVICE_FAMILY = "1,2";
			};
			name = Debug;
		};
		4F369FF429C38E830050138C /* Release */ = {
			isa = XCBuildConfiguration;
			buildSettings = {
				ASSETCATALOG_COMPILER_APPICON_NAME = AppIcon;
				ASSETCATALOG_COMPILER_GLOBAL_ACCENT_COLOR_NAME = AccentColor;
				CODE_SIGN_STYLE = Automatic;
				CURRENT_PROJECT_VERSION = 1;
				DEVELOPMENT_ASSET_PATHS = "\"YapeRecipes/Preview Content\"";
				DEVELOPMENT_TEAM = 2BF9HG77P9;
				ENABLE_PREVIEWS = YES;
				GENERATE_INFOPLIST_FILE = YES;
				INFOPLIST_FILE = YapeRecipes/Info.plist;
				INFOPLIST_KEY_UIApplicationSceneManifest_Generation = YES;
				INFOPLIST_KEY_UIApplicationSupportsIndirectInputEvents = YES;
				INFOPLIST_KEY_UILaunchScreen_Generation = YES;
				INFOPLIST_KEY_UISupportedInterfaceOrientations_iPad = "UIInterfaceOrientationPortrait UIInterfaceOrientationPortraitUpsideDown UIInterfaceOrientationLandscapeLeft UIInterfaceOrientationLandscapeRight";
				INFOPLIST_KEY_UISupportedInterfaceOrientations_iPhone = "UIInterfaceOrientationPortrait UIInterfaceOrientationLandscapeLeft UIInterfaceOrientationLandscapeRight";
				LD_RUNPATH_SEARCH_PATHS = (
					"$(inherited)",
					"@executable_path/Frameworks",
				);
				MARKETING_VERSION = 1.0;
				PRODUCT_BUNDLE_IDENTIFIER = com.blueprint.YapeRecipes;
				PRODUCT_NAME = "$(TARGET_NAME)";
				SWIFT_EMIT_LOC_STRINGS = YES;
				SWIFT_VERSION = 5.0;
				TARGETED_DEVICE_FAMILY = "1,2";
			};
			name = Release;
		};
		4F369FF629C38E830050138C /* Debug */ = {
			isa = XCBuildConfiguration;
			buildSettings = {
				ALWAYS_EMBED_SWIFT_STANDARD_LIBRARIES = YES;
				BUNDLE_LOADER = "$(TEST_HOST)";
				CODE_SIGN_STYLE = Automatic;
				CURRENT_PROJECT_VERSION = 1;
				DEVELOPMENT_TEAM = 2BF9HG77P9;
				GENERATE_INFOPLIST_FILE = YES;
				IPHONEOS_DEPLOYMENT_TARGET = 16.2;
				MARKETING_VERSION = 1.0;
				PRODUCT_BUNDLE_IDENTIFIER = com.blueprint.YapeRecipesTests;
				PRODUCT_NAME = "$(TARGET_NAME)";
				SWIFT_EMIT_LOC_STRINGS = NO;
				SWIFT_VERSION = 5.0;
				TARGETED_DEVICE_FAMILY = "1,2";
				TEST_HOST = "$(BUILT_PRODUCTS_DIR)/YapeRecipes.app/$(BUNDLE_EXECUTABLE_FOLDER_PATH)/YapeRecipes";
			};
			name = Debug;
		};
		4F369FF729C38E830050138C /* Release */ = {
			isa = XCBuildConfiguration;
			buildSettings = {
				ALWAYS_EMBED_SWIFT_STANDARD_LIBRARIES = YES;
				BUNDLE_LOADER = "$(TEST_HOST)";
				CODE_SIGN_STYLE = Automatic;
				CURRENT_PROJECT_VERSION = 1;
				DEVELOPMENT_TEAM = 2BF9HG77P9;
				GENERATE_INFOPLIST_FILE = YES;
				IPHONEOS_DEPLOYMENT_TARGET = 16.2;
				MARKETING_VERSION = 1.0;
				PRODUCT_BUNDLE_IDENTIFIER = com.blueprint.YapeRecipesTests;
				PRODUCT_NAME = "$(TARGET_NAME)";
				SWIFT_EMIT_LOC_STRINGS = NO;
				SWIFT_VERSION = 5.0;
				TARGETED_DEVICE_FAMILY = "1,2";
				TEST_HOST = "$(BUILT_PRODUCTS_DIR)/YapeRecipes.app/$(BUNDLE_EXECUTABLE_FOLDER_PATH)/YapeRecipes";
			};
			name = Release;
		};
		4F369FF929C38E830050138C /* Debug */ = {
			isa = XCBuildConfiguration;
			buildSettings = {
				ALWAYS_EMBED_SWIFT_STANDARD_LIBRARIES = YES;
				CODE_SIGN_STYLE = Automatic;
				CURRENT_PROJECT_VERSION = 1;
				DEVELOPMENT_TEAM = 2BF9HG77P9;
				GENERATE_INFOPLIST_FILE = YES;
				MARKETING_VERSION = 1.0;
				PRODUCT_BUNDLE_IDENTIFIER = com.blueprint.YapeRecipesUITests;
				PRODUCT_NAME = "$(TARGET_NAME)";
				SWIFT_EMIT_LOC_STRINGS = NO;
				SWIFT_VERSION = 5.0;
				TARGETED_DEVICE_FAMILY = "1,2";
				TEST_TARGET_NAME = YapeRecipes;
			};
			name = Debug;
		};
		4F369FFA29C38E830050138C /* Release */ = {
			isa = XCBuildConfiguration;
			buildSettings = {
				ALWAYS_EMBED_SWIFT_STANDARD_LIBRARIES = YES;
				CODE_SIGN_STYLE = Automatic;
				CURRENT_PROJECT_VERSION = 1;
				DEVELOPMENT_TEAM = 2BF9HG77P9;
				GENERATE_INFOPLIST_FILE = YES;
				MARKETING_VERSION = 1.0;
				PRODUCT_BUNDLE_IDENTIFIER = com.blueprint.YapeRecipesUITests;
				PRODUCT_NAME = "$(TARGET_NAME)";
				SWIFT_EMIT_LOC_STRINGS = NO;
				SWIFT_VERSION = 5.0;
				TARGETED_DEVICE_FAMILY = "1,2";
				TEST_TARGET_NAME = YapeRecipes;
			};
			name = Release;
		};
/* End XCBuildConfiguration section */

/* Begin XCConfigurationList section */
		4F369FC929C38E7E0050138C /* Build configuration list for PBXProject "YapeRecipes" */ = {
			isa = XCConfigurationList;
			buildConfigurations = (
				4F369FF029C38E830050138C /* Debug */,
				4F369FF129C38E830050138C /* Release */,
			);
			defaultConfigurationIsVisible = 0;
			defaultConfigurationName = Release;
		};
		4F369FF229C38E830050138C /* Build configuration list for PBXNativeTarget "YapeRecipes" */ = {
			isa = XCConfigurationList;
			buildConfigurations = (
				4F369FF329C38E830050138C /* Debug */,
				4F369FF429C38E830050138C /* Release */,
			);
			defaultConfigurationIsVisible = 0;
			defaultConfigurationName = Release;
		};
		4F369FF529C38E830050138C /* Build configuration list for PBXNativeTarget "YapeRecipesTests" */ = {
			isa = XCConfigurationList;
			buildConfigurations = (
				4F369FF629C38E830050138C /* Debug */,
				4F369FF729C38E830050138C /* Release */,
			);
			defaultConfigurationIsVisible = 0;
			defaultConfigurationName = Release;
		};
		4F369FF829C38E830050138C /* Build configuration list for PBXNativeTarget "YapeRecipesUITests" */ = {
			isa = XCConfigurationList;
			buildConfigurations = (
				4F369FF929C38E830050138C /* Debug */,
				4F369FFA29C38E830050138C /* Release */,
			);
			defaultConfigurationIsVisible = 0;
			defaultConfigurationName = Release;
		};
/* End XCConfigurationList section */

/* Begin XCRemoteSwiftPackageReference section */
		4F0078B429C5EE390054046E /* XCRemoteSwiftPackageReference "Coordinator" */ = {
			isa = XCRemoteSwiftPackageReference;
			repositoryURL = "https://github.com/SwiftUIX/Coordinator";
			requirement = {
				branch = master;
				kind = branch;
			};
		};
		4F0078C129C629DE0054046E /* XCRemoteSwiftPackageReference "mapbox-maps-ios" */ = {
			isa = XCRemoteSwiftPackageReference;
			repositoryURL = "https://github.com/mapbox/mapbox-maps-ios.git";
			requirement = {
				branch = main;
				kind = branch;
			};
		};
		4F0078D929C664680054046E /* XCRemoteSwiftPackageReference "ReSwift" */ = {
			isa = XCRemoteSwiftPackageReference;
			repositoryURL = "https://github.com/ReSwift/ReSwift.git";
			requirement = {
				kind = upToNextMajorVersion;
				minimumVersion = 6.0.0;
			};
		};
		4F0078F129C675D50054046E /* XCRemoteSwiftPackageReference "ReSwift-Thunk" */ = {
			isa = XCRemoteSwiftPackageReference;
			repositoryURL = "https://github.com/ReSwift/ReSwift-Thunk";
			requirement = {
				branch = master;
				kind = branch;
			};
		};
		4F0078FB29C6A1A50054046E /* XCRemoteSwiftPackageReference "SDWebImageSwiftUI" */ = {
			isa = XCRemoteSwiftPackageReference;
			repositoryURL = "https://github.com/SDWebImage/SDWebImageSwiftUI";
			requirement = {
				kind = upToNextMajorVersion;
				minimumVersion = 2.0.0;
			};
		};
		4F81000429C7752100BB1383 /* XCRemoteSwiftPackageReference "SwiftUI-FAB" */ = {
			isa = XCRemoteSwiftPackageReference;
			repositoryURL = "https://github.com/karamage/SwiftUI-FAB";
			requirement = {
				kind = upToNextMajorVersion;
				minimumVersion = 0.1.0;
			};
		};
		4F81001029C78FF200BB1383 /* XCRemoteSwiftPackageReference "firebase-ios-sdk" */ = {
			isa = XCRemoteSwiftPackageReference;
			repositoryURL = "https://github.com/firebase/firebase-ios-sdk";
			requirement = {
				branch = master;
				kind = branch;
			};
		};
		4F81003729C8062800BB1383 /* XCRemoteSwiftPackageReference "Swinject" */ = {
			isa = XCRemoteSwiftPackageReference;
			repositoryURL = "https://github.com/Swinject/Swinject";
			requirement = {
				branch = master;
				kind = branch;
			};
		};
		4F81004929C940E200BB1383 /* XCRemoteSwiftPackageReference "SwiftUIFormValidator" */ = {
			isa = XCRemoteSwiftPackageReference;
			repositoryURL = "https://github.com/ShabanKamell/SwiftUIFormValidator";
			requirement = {
				kind = upToNextMajorVersion;
				minimumVersion = 0.9.0;
			};
		};
		4F81009F29CA879400BB1383 /* XCRemoteSwiftPackageReference "lottie-ios" */ = {
			isa = XCRemoteSwiftPackageReference;
			repositoryURL = "https://github.com/airbnb/lottie-ios.git";
			requirement = {
				branch = master;
				kind = branch;
			};
		};
		4F81FFF729C75ED900BB1383 /* XCRemoteSwiftPackageReference "GoogleSignIn-iOS" */ = {
			isa = XCRemoteSwiftPackageReference;
			repositoryURL = "https://github.com/google/GoogleSignIn-iOS";
			requirement = {
				kind = upToNextMajorVersion;
				minimumVersion = 7.0.0;
			};
		};
/* End XCRemoteSwiftPackageReference section */

/* Begin XCSwiftPackageProductDependency section */
		4F0078B529C5EE390054046E /* Coordinator */ = {
			isa = XCSwiftPackageProductDependency;
			package = 4F0078B429C5EE390054046E /* XCRemoteSwiftPackageReference "Coordinator" */;
			productName = Coordinator;
		};
		4F0078C229C629DE0054046E /* MapboxMaps */ = {
			isa = XCSwiftPackageProductDependency;
			package = 4F0078C129C629DE0054046E /* XCRemoteSwiftPackageReference "mapbox-maps-ios" */;
			productName = MapboxMaps;
		};
		4F0078DA29C664680054046E /* ReSwift */ = {
			isa = XCSwiftPackageProductDependency;
			package = 4F0078D929C664680054046E /* XCRemoteSwiftPackageReference "ReSwift" */;
			productName = ReSwift;
		};
		4F0078F229C675D50054046E /* ReSwiftThunk */ = {
			isa = XCSwiftPackageProductDependency;
			package = 4F0078F129C675D50054046E /* XCRemoteSwiftPackageReference "ReSwift-Thunk" */;
			productName = ReSwiftThunk;
		};
		4F0078FC29C6A1A50054046E /* SDWebImageSwiftUI */ = {
			isa = XCSwiftPackageProductDependency;
			package = 4F0078FB29C6A1A50054046E /* XCRemoteSwiftPackageReference "SDWebImageSwiftUI" */;
			productName = SDWebImageSwiftUI;
		};
		4F81000529C7752100BB1383 /* SwiftUI-FAB */ = {
			isa = XCSwiftPackageProductDependency;
			package = 4F81000429C7752100BB1383 /* XCRemoteSwiftPackageReference "SwiftUI-FAB" */;
			productName = "SwiftUI-FAB";
		};
		4F81001129C78FF200BB1383 /* FirebaseAnalytics */ = {
			isa = XCSwiftPackageProductDependency;
			package = 4F81001029C78FF200BB1383 /* XCRemoteSwiftPackageReference "firebase-ios-sdk" */;
			productName = FirebaseAnalytics;
		};
		4F81001329C78FF200BB1383 /* FirebaseAnalyticsOnDeviceConversion */ = {
			isa = XCSwiftPackageProductDependency;
			package = 4F81001029C78FF200BB1383 /* XCRemoteSwiftPackageReference "firebase-ios-sdk" */;
			productName = FirebaseAnalyticsOnDeviceConversion;
		};
		4F81001529C78FF200BB1383 /* FirebaseAnalyticsSwift */ = {
			isa = XCSwiftPackageProductDependency;
			package = 4F81001029C78FF200BB1383 /* XCRemoteSwiftPackageReference "firebase-ios-sdk" */;
			productName = FirebaseAnalyticsSwift;
		};
		4F81001729C78FF200BB1383 /* FirebaseAnalyticsWithoutAdIdSupport */ = {
			isa = XCSwiftPackageProductDependency;
			package = 4F81001029C78FF200BB1383 /* XCRemoteSwiftPackageReference "firebase-ios-sdk" */;
			productName = FirebaseAnalyticsWithoutAdIdSupport;
		};
		4F81001929C78FF200BB1383 /* FirebaseAuth */ = {
			isa = XCSwiftPackageProductDependency;
			package = 4F81001029C78FF200BB1383 /* XCRemoteSwiftPackageReference "firebase-ios-sdk" */;
			productName = FirebaseAuth;
		};
		4F81001B29C78FF200BB1383 /* FirebaseAuthCombine-Community */ = {
			isa = XCSwiftPackageProductDependency;
			package = 4F81001029C78FF200BB1383 /* XCRemoteSwiftPackageReference "firebase-ios-sdk" */;
			productName = "FirebaseAuthCombine-Community";
		};
		4F81001D29C78FF200BB1383 /* FirebaseFirestore */ = {
			isa = XCSwiftPackageProductDependency;
			package = 4F81001029C78FF200BB1383 /* XCRemoteSwiftPackageReference "firebase-ios-sdk" */;
			productName = FirebaseFirestore;
		};
		4F81001F29C78FF200BB1383 /* FirebaseFirestoreCombine-Community */ = {
			isa = XCSwiftPackageProductDependency;
			package = 4F81001029C78FF200BB1383 /* XCRemoteSwiftPackageReference "firebase-ios-sdk" */;
			productName = "FirebaseFirestoreCombine-Community";
		};
		4F81002129C78FF200BB1383 /* FirebaseStorage */ = {
			isa = XCSwiftPackageProductDependency;
			package = 4F81001029C78FF200BB1383 /* XCRemoteSwiftPackageReference "firebase-ios-sdk" */;
			productName = FirebaseStorage;
		};
		4F81002329C78FF200BB1383 /* FirebaseStorageCombine-Community */ = {
			isa = XCSwiftPackageProductDependency;
			package = 4F81001029C78FF200BB1383 /* XCRemoteSwiftPackageReference "firebase-ios-sdk" */;
			productName = "FirebaseStorageCombine-Community";
		};
		4F81003829C8062800BB1383 /* Swinject */ = {
			isa = XCSwiftPackageProductDependency;
			package = 4F81003729C8062800BB1383 /* XCRemoteSwiftPackageReference "Swinject" */;
			productName = Swinject;
		};
		4F81004A29C940E200BB1383 /* FormValidator */ = {
			isa = XCSwiftPackageProductDependency;
			package = 4F81004929C940E200BB1383 /* XCRemoteSwiftPackageReference "SwiftUIFormValidator" */;
			productName = FormValidator;
		};
		4F81005B29CA1CD900BB1383 /* FirebaseAnalytics */ = {
			isa = XCSwiftPackageProductDependency;
			package = 4F81001029C78FF200BB1383 /* XCRemoteSwiftPackageReference "firebase-ios-sdk" */;
			productName = FirebaseAnalytics;
		};
		4F81005D29CA1CE300BB1383 /* FirebaseAuthCombine-Community */ = {
			isa = XCSwiftPackageProductDependency;
			package = 4F81001029C78FF200BB1383 /* XCRemoteSwiftPackageReference "firebase-ios-sdk" */;
			productName = "FirebaseAuthCombine-Community";
		};
		4F81005F29CA1D1A00BB1383 /* FirebaseAppCheck */ = {
			isa = XCSwiftPackageProductDependency;
			package = 4F81001029C78FF200BB1383 /* XCRemoteSwiftPackageReference "firebase-ios-sdk" */;
			productName = FirebaseAppCheck;
		};
		4F81006129CA1D6C00BB1383 /* FirebaseFirestoreCombine-Community */ = {
			isa = XCSwiftPackageProductDependency;
			package = 4F81001029C78FF200BB1383 /* XCRemoteSwiftPackageReference "firebase-ios-sdk" */;
			productName = "FirebaseFirestoreCombine-Community";
		};
		4F81006329CA1D9700BB1383 /* FirebaseAnalyticsOnDeviceConversion */ = {
			isa = XCSwiftPackageProductDependency;
			package = 4F81001029C78FF200BB1383 /* XCRemoteSwiftPackageReference "firebase-ios-sdk" */;
			productName = FirebaseAnalyticsOnDeviceConversion;
		};
		4F81006529CA1D9700BB1383 /* FirebaseAnalyticsSwift */ = {
			isa = XCSwiftPackageProductDependency;
			package = 4F81001029C78FF200BB1383 /* XCRemoteSwiftPackageReference "firebase-ios-sdk" */;
			productName = FirebaseAnalyticsSwift;
		};
		4F81006729CA1D9700BB1383 /* FirebaseAnalyticsWithoutAdIdSupport */ = {
			isa = XCSwiftPackageProductDependency;
			package = 4F81001029C78FF200BB1383 /* XCRemoteSwiftPackageReference "firebase-ios-sdk" */;
			productName = FirebaseAnalyticsWithoutAdIdSupport;
		};
		4F81006929CA1D9700BB1383 /* FirebaseAppDistribution-Beta */ = {
			isa = XCSwiftPackageProductDependency;
			package = 4F81001029C78FF200BB1383 /* XCRemoteSwiftPackageReference "firebase-ios-sdk" */;
			productName = "FirebaseAppDistribution-Beta";
		};
		4F81006B29CA1D9700BB1383 /* FirebaseAuth */ = {
			isa = XCSwiftPackageProductDependency;
			package = 4F81001029C78FF200BB1383 /* XCRemoteSwiftPackageReference "firebase-ios-sdk" */;
			productName = FirebaseAuth;
		};
		4F81006D29CA1D9700BB1383 /* FirebaseCrashlytics */ = {
			isa = XCSwiftPackageProductDependency;
			package = 4F81001029C78FF200BB1383 /* XCRemoteSwiftPackageReference "firebase-ios-sdk" */;
			productName = FirebaseCrashlytics;
		};
		4F81006F29CA1D9700BB1383 /* FirebaseDatabase */ = {
			isa = XCSwiftPackageProductDependency;
			package = 4F81001029C78FF200BB1383 /* XCRemoteSwiftPackageReference "firebase-ios-sdk" */;
			productName = FirebaseDatabase;
		};
		4F81007129CA1D9700BB1383 /* FirebaseDatabaseSwift */ = {
			isa = XCSwiftPackageProductDependency;
			package = 4F81001029C78FF200BB1383 /* XCRemoteSwiftPackageReference "firebase-ios-sdk" */;
			productName = FirebaseDatabaseSwift;
		};
		4F81007329CA1D9700BB1383 /* FirebaseDynamicLinks */ = {
			isa = XCSwiftPackageProductDependency;
			package = 4F81001029C78FF200BB1383 /* XCRemoteSwiftPackageReference "firebase-ios-sdk" */;
			productName = FirebaseDynamicLinks;
		};
		4F81007529CA1D9700BB1383 /* FirebaseFirestore */ = {
			isa = XCSwiftPackageProductDependency;
			package = 4F81001029C78FF200BB1383 /* XCRemoteSwiftPackageReference "firebase-ios-sdk" */;
			productName = FirebaseFirestore;
		};
		4F81007729CA1D9700BB1383 /* FirebaseFirestoreSwift */ = {
			isa = XCSwiftPackageProductDependency;
			package = 4F81001029C78FF200BB1383 /* XCRemoteSwiftPackageReference "firebase-ios-sdk" */;
			productName = FirebaseFirestoreSwift;
		};
		4F81007929CA1D9700BB1383 /* FirebaseFunctions */ = {
			isa = XCSwiftPackageProductDependency;
			package = 4F81001029C78FF200BB1383 /* XCRemoteSwiftPackageReference "firebase-ios-sdk" */;
			productName = FirebaseFunctions;
		};
		4F81007B29CA1D9700BB1383 /* FirebaseFunctionsCombine-Community */ = {
			isa = XCSwiftPackageProductDependency;
			package = 4F81001029C78FF200BB1383 /* XCRemoteSwiftPackageReference "firebase-ios-sdk" */;
			productName = "FirebaseFunctionsCombine-Community";
		};
		4F81007D29CA1D9700BB1383 /* FirebaseInAppMessaging-Beta */ = {
			isa = XCSwiftPackageProductDependency;
			package = 4F81001029C78FF200BB1383 /* XCRemoteSwiftPackageReference "firebase-ios-sdk" */;
			productName = "FirebaseInAppMessaging-Beta";
		};
		4F81007F29CA1D9700BB1383 /* FirebaseInAppMessagingSwift-Beta */ = {
			isa = XCSwiftPackageProductDependency;
			package = 4F81001029C78FF200BB1383 /* XCRemoteSwiftPackageReference "firebase-ios-sdk" */;
			productName = "FirebaseInAppMessagingSwift-Beta";
		};
		4F81008129CA1D9700BB1383 /* FirebaseInstallations */ = {
			isa = XCSwiftPackageProductDependency;
			package = 4F81001029C78FF200BB1383 /* XCRemoteSwiftPackageReference "firebase-ios-sdk" */;
			productName = FirebaseInstallations;
		};
		4F81008329CA1D9700BB1383 /* FirebaseMessaging */ = {
			isa = XCSwiftPackageProductDependency;
			package = 4F81001029C78FF200BB1383 /* XCRemoteSwiftPackageReference "firebase-ios-sdk" */;
			productName = FirebaseMessaging;
		};
		4F81008529CA1D9700BB1383 /* FirebaseMLModelDownloader */ = {
			isa = XCSwiftPackageProductDependency;
			package = 4F81001029C78FF200BB1383 /* XCRemoteSwiftPackageReference "firebase-ios-sdk" */;
			productName = FirebaseMLModelDownloader;
		};
		4F81008729CA1D9700BB1383 /* FirebasePerformance */ = {
			isa = XCSwiftPackageProductDependency;
			package = 4F81001029C78FF200BB1383 /* XCRemoteSwiftPackageReference "firebase-ios-sdk" */;
			productName = FirebasePerformance;
		};
		4F81008929CA1D9700BB1383 /* FirebaseRemoteConfig */ = {
			isa = XCSwiftPackageProductDependency;
			package = 4F81001029C78FF200BB1383 /* XCRemoteSwiftPackageReference "firebase-ios-sdk" */;
			productName = FirebaseRemoteConfig;
		};
		4F81008B29CA1D9700BB1383 /* FirebaseRemoteConfigSwift */ = {
			isa = XCSwiftPackageProductDependency;
			package = 4F81001029C78FF200BB1383 /* XCRemoteSwiftPackageReference "firebase-ios-sdk" */;
			productName = FirebaseRemoteConfigSwift;
		};
		4F81008D29CA1D9700BB1383 /* FirebaseStorage */ = {
			isa = XCSwiftPackageProductDependency;
			package = 4F81001029C78FF200BB1383 /* XCRemoteSwiftPackageReference "firebase-ios-sdk" */;
			productName = FirebaseStorage;
		};
		4F81008F29CA1D9700BB1383 /* FirebaseStorageCombine-Community */ = {
			isa = XCSwiftPackageProductDependency;
			package = 4F81001029C78FF200BB1383 /* XCRemoteSwiftPackageReference "firebase-ios-sdk" */;
			productName = "FirebaseStorageCombine-Community";
		};
		4F81009129CA1DE200BB1383 /* SDWebImageSwiftUI */ = {
			isa = XCSwiftPackageProductDependency;
			package = 4F0078FB29C6A1A50054046E /* XCRemoteSwiftPackageReference "SDWebImageSwiftUI" */;
			productName = SDWebImageSwiftUI;
		};
		4F81009329CA1E1D00BB1383 /* GoogleSignIn */ = {
			isa = XCSwiftPackageProductDependency;
			package = 4F81FFF729C75ED900BB1383 /* XCRemoteSwiftPackageReference "GoogleSignIn-iOS" */;
			productName = GoogleSignIn;
		};
		4F81009529CA1E1D00BB1383 /* GoogleSignInSwift */ = {
			isa = XCSwiftPackageProductDependency;
			package = 4F81FFF729C75ED900BB1383 /* XCRemoteSwiftPackageReference "GoogleSignIn-iOS" */;
			productName = GoogleSignInSwift;
		};
		4F8100A029CA879900BB1383 /* Lottie */ = {
			isa = XCSwiftPackageProductDependency;
			package = 4F81009F29CA879400BB1383 /* XCRemoteSwiftPackageReference "lottie-ios" */;
			productName = Lottie;
		};
		4F81FFF829C75ED900BB1383 /* GoogleSignIn */ = {
			isa = XCSwiftPackageProductDependency;
			package = 4F81FFF729C75ED900BB1383 /* XCRemoteSwiftPackageReference "GoogleSignIn-iOS" */;
			productName = GoogleSignIn;
		};
		4F81FFFA29C75ED900BB1383 /* GoogleSignInSwift */ = {
			isa = XCSwiftPackageProductDependency;
			package = 4F81FFF729C75ED900BB1383 /* XCRemoteSwiftPackageReference "GoogleSignIn-iOS" */;
			productName = GoogleSignInSwift;
		};
/* End XCSwiftPackageProductDependency section */
	};
	rootObject = 4F369FC629C38E7E0050138C /* Project object */;
}
