// !$*UTF8*$!
{
	archiveVersion = 1;
	classes = {
	};
	objectVersion = 56;
	objects = {

/* Begin PBXBuildFile section */
		4F0078B329C551CE0054046E /* MainView.swift in Sources */ = {isa = PBXBuildFile; fileRef = 4F0078B229C551CE0054046E /* MainView.swift */; };
		4F0078B629C5EE390054046E /* Coordinator in Frameworks */ = {isa = PBXBuildFile; productRef = 4F0078B529C5EE390054046E /* Coordinator */; };
		4F0078B929C5EE650054046E /* AppCoordinator.swift in Sources */ = {isa = PBXBuildFile; fileRef = 4F0078B829C5EE650054046E /* AppCoordinator.swift */; };
		4F0078BB29C5EE9B0054046E /* AppDestination.swift in Sources */ = {isa = PBXBuildFile; fileRef = 4F0078BA29C5EE9B0054046E /* AppDestination.swift */; };
		4F0078BD29C5F0510054046E /* SigninView.swift in Sources */ = {isa = PBXBuildFile; fileRef = 4F0078BC29C5F0510054046E /* SigninView.swift */; };
		4F0078C329C629DE0054046E /* MapboxMaps in Frameworks */ = {isa = PBXBuildFile; productRef = 4F0078C229C629DE0054046E /* MapboxMaps */; };
		4F0078C529C629F50054046E /* MapRecipesView.swift in Sources */ = {isa = PBXBuildFile; fileRef = 4F0078C429C629F50054046E /* MapRecipesView.swift */; };
		4F0078C829C62B5E0054046E /* MapBoxMapView.swift in Sources */ = {isa = PBXBuildFile; fileRef = 4F0078C729C62B5E0054046E /* MapBoxMapView.swift */; };
		4F0078CC29C63DE80054046E /* ProfileView.swift in Sources */ = {isa = PBXBuildFile; fileRef = 4F0078CB29C63DE80054046E /* ProfileView.swift */; };
		4F0078CE29C63DF90054046E /* HomeView.swift in Sources */ = {isa = PBXBuildFile; fileRef = 4F0078CD29C63DF90054046E /* HomeView.swift */; };
		4F0078D629C659830054046E /* Recipe.swift in Sources */ = {isa = PBXBuildFile; fileRef = 4F0078D529C659830054046E /* Recipe.swift */; };
		4F0078D829C6612E0054046E /* User.swift in Sources */ = {isa = PBXBuildFile; fileRef = 4F0078D729C6612E0054046E /* User.swift */; };
		4F0078DB29C664680054046E /* ReSwift in Frameworks */ = {isa = PBXBuildFile; productRef = 4F0078DA29C664680054046E /* ReSwift */; };
		4F0078DF29C664BA0054046E /* AppState.swift in Sources */ = {isa = PBXBuildFile; fileRef = 4F0078DE29C664BA0054046E /* AppState.swift */; };
		4F0078E129C665310054046E /* BindableStore.swift in Sources */ = {isa = PBXBuildFile; fileRef = 4F0078E029C665310054046E /* BindableStore.swift */; };
		4F0078E329C665500054046E /* CombineReducers.swift in Sources */ = {isa = PBXBuildFile; fileRef = 4F0078E229C665500054046E /* CombineReducers.swift */; };
		4F0078EC29C670ED0054046E /* RecipesReducer.swift in Sources */ = {isa = PBXBuildFile; fileRef = 4F0078EB29C670ED0054046E /* RecipesReducer.swift */; };
		4F0078EE29C671120054046E /* Action.swift in Sources */ = {isa = PBXBuildFile; fileRef = 4F0078ED29C671120054046E /* Action.swift */; };
		4F0078F029C674BB0054046E /* Location.swift in Sources */ = {isa = PBXBuildFile; fileRef = 4F0078EF29C674BB0054046E /* Location.swift */; };
		4F0078F329C675D50054046E /* ReSwiftThunk in Frameworks */ = {isa = PBXBuildFile; productRef = 4F0078F229C675D50054046E /* ReSwiftThunk */; };
		4F0078F629C677EE0054046E /* FetchThunk.swift in Sources */ = {isa = PBXBuildFile; fileRef = 4F0078F529C677EE0054046E /* FetchThunk.swift */; };
		4F0078F829C6833A0054046E /* Camera.swift in Sources */ = {isa = PBXBuildFile; fileRef = 4F0078F729C6833A0054046E /* Camera.swift */; };
		4F0078FA29C6990F0054046E /* RecipeCardView.swift in Sources */ = {isa = PBXBuildFile; fileRef = 4F0078F929C6990F0054046E /* RecipeCardView.swift */; };
		4F0078FD29C6A1A50054046E /* SDWebImageSwiftUI in Frameworks */ = {isa = PBXBuildFile; productRef = 4F0078FC29C6A1A50054046E /* SDWebImageSwiftUI */; };
		4F0078FF29C6A74F0054046E /* NumberPropView.swift in Sources */ = {isa = PBXBuildFile; fileRef = 4F0078FE29C6A74F0054046E /* NumberPropView.swift */; };
		4F00790129C6AAB80054046E /* RecipeType.swift in Sources */ = {isa = PBXBuildFile; fileRef = 4F00790029C6AAB80054046E /* RecipeType.swift */; };
		4F00790329C6B3CC0054046E /* RecipeDetailView.swift in Sources */ = {isa = PBXBuildFile; fileRef = 4F00790229C6B3CC0054046E /* RecipeDetailView.swift */; };
		4F00790529C7292F0054046E /* UserThunk.swift in Sources */ = {isa = PBXBuildFile; fileRef = 4F00790429C7292F0054046E /* UserThunk.swift */; };
		4F00790729C7299A0054046E /* UserReducer.swift in Sources */ = {isa = PBXBuildFile; fileRef = 4F00790629C7299A0054046E /* UserReducer.swift */; };
		4F369FD229C38E7E0050138C /* YapeRecipesApp.swift in Sources */ = {isa = PBXBuildFile; fileRef = 4F369FD129C38E7E0050138C /* YapeRecipesApp.swift */; };
		4F369FD629C38E820050138C /* Assets.xcassets in Resources */ = {isa = PBXBuildFile; fileRef = 4F369FD529C38E820050138C /* Assets.xcassets */; };
		4F369FD929C38E820050138C /* Preview Assets.xcassets in Resources */ = {isa = PBXBuildFile; fileRef = 4F369FD829C38E820050138C /* Preview Assets.xcassets */; };
		4F369FE329C38E820050138C /* YapeRecipesTests.swift in Sources */ = {isa = PBXBuildFile; fileRef = 4F369FE229C38E820050138C /* YapeRecipesTests.swift */; };
		4F369FED29C38E830050138C /* YapeRecipesUITests.swift in Sources */ = {isa = PBXBuildFile; fileRef = 4F369FEC29C38E830050138C /* YapeRecipesUITests.swift */; };
		4F369FEF29C38E830050138C /* YapeRecipesUITestsLaunchTests.swift in Sources */ = {isa = PBXBuildFile; fileRef = 4F369FEE29C38E830050138C /* YapeRecipesUITestsLaunchTests.swift */; };
		4F369FFE29C393100050138C /* GoogleService-Info.plist in Resources */ = {isa = PBXBuildFile; fileRef = 4F369FFD29C393100050138C /* GoogleService-Info.plist */; };
		4F36A00129C393C30050138C /* FirebaseAnalytics in Frameworks */ = {isa = PBXBuildFile; productRef = 4F36A00029C393C30050138C /* FirebaseAnalytics */; };
		4F36A00329C393C30050138C /* FirebaseAnalyticsOnDeviceConversion in Frameworks */ = {isa = PBXBuildFile; productRef = 4F36A00229C393C30050138C /* FirebaseAnalyticsOnDeviceConversion */; };
		4F36A00529C393C30050138C /* FirebaseAnalyticsSwift in Frameworks */ = {isa = PBXBuildFile; productRef = 4F36A00429C393C30050138C /* FirebaseAnalyticsSwift */; };
		4F36A00729C393C30050138C /* FirebaseAnalyticsWithoutAdIdSupport in Frameworks */ = {isa = PBXBuildFile; productRef = 4F36A00629C393C30050138C /* FirebaseAnalyticsWithoutAdIdSupport */; };
		4F36A00929C393C30050138C /* FirebaseAuth in Frameworks */ = {isa = PBXBuildFile; productRef = 4F36A00829C393C30050138C /* FirebaseAuth */; };
		4F36A00B29C393C30050138C /* FirebaseAuthCombine-Community in Frameworks */ = {isa = PBXBuildFile; productRef = 4F36A00A29C393C30050138C /* FirebaseAuthCombine-Community */; };
		4F36A00D29C393C30050138C /* FirebaseFirestore in Frameworks */ = {isa = PBXBuildFile; productRef = 4F36A00C29C393C30050138C /* FirebaseFirestore */; };
		4F36A00F29C393C30050138C /* FirebaseFirestoreCombine-Community in Frameworks */ = {isa = PBXBuildFile; productRef = 4F36A00E29C393C30050138C /* FirebaseFirestoreCombine-Community */; };
		4F36A01129C393C30050138C /* FirebaseFirestoreSwift in Frameworks */ = {isa = PBXBuildFile; productRef = 4F36A01029C393C30050138C /* FirebaseFirestoreSwift */; };
		4F36A01429C3A1220050138C /* ButtonView.swift in Sources */ = {isa = PBXBuildFile; fileRef = 4F36A01329C3A1220050138C /* ButtonView.swift */; };
		4F36A01729C3A2840050138C /* Button+Styles.swift in Sources */ = {isa = PBXBuildFile; fileRef = 4F36A01629C3A2830050138C /* Button+Styles.swift */; };
		4F36A01929C3BC850050138C /* TextField+Styles.swift in Sources */ = {isa = PBXBuildFile; fileRef = 4F36A01829C3BC850050138C /* TextField+Styles.swift */; };
		4F81FFE929C74A7300BB1383 /* UserDetectView.swift in Sources */ = {isa = PBXBuildFile; fileRef = 4F81FFE829C74A7300BB1383 /* UserDetectView.swift */; };
/* End PBXBuildFile section */

/* Begin PBXContainerItemProxy section */
		4F369FDF29C38E820050138C /* PBXContainerItemProxy */ = {
			isa = PBXContainerItemProxy;
			containerPortal = 4F369FC629C38E7E0050138C /* Project object */;
			proxyType = 1;
			remoteGlobalIDString = 4F369FCD29C38E7E0050138C;
			remoteInfo = YapeRecipes;
		};
		4F369FE929C38E830050138C /* PBXContainerItemProxy */ = {
			isa = PBXContainerItemProxy;
			containerPortal = 4F369FC629C38E7E0050138C /* Project object */;
			proxyType = 1;
			remoteGlobalIDString = 4F369FCD29C38E7E0050138C;
			remoteInfo = YapeRecipes;
		};
/* End PBXContainerItemProxy section */

/* Begin PBXFileReference section */
		4F0078B229C551CE0054046E /* MainView.swift */ = {isa = PBXFileReference; lastKnownFileType = sourcecode.swift; path = MainView.swift; sourceTree = "<group>"; };
		4F0078B829C5EE650054046E /* AppCoordinator.swift */ = {isa = PBXFileReference; lastKnownFileType = sourcecode.swift; path = AppCoordinator.swift; sourceTree = "<group>"; };
		4F0078BA29C5EE9B0054046E /* AppDestination.swift */ = {isa = PBXFileReference; lastKnownFileType = sourcecode.swift; path = AppDestination.swift; sourceTree = "<group>"; };
		4F0078BC29C5F0510054046E /* SigninView.swift */ = {isa = PBXFileReference; lastKnownFileType = sourcecode.swift; path = SigninView.swift; sourceTree = "<group>"; };
		4F0078C429C629F50054046E /* MapRecipesView.swift */ = {isa = PBXFileReference; lastKnownFileType = sourcecode.swift; path = MapRecipesView.swift; sourceTree = "<group>"; };
		4F0078C729C62B5E0054046E /* MapBoxMapView.swift */ = {isa = PBXFileReference; lastKnownFileType = sourcecode.swift; path = MapBoxMapView.swift; sourceTree = "<group>"; };
		4F0078CB29C63DE80054046E /* ProfileView.swift */ = {isa = PBXFileReference; lastKnownFileType = sourcecode.swift; path = ProfileView.swift; sourceTree = "<group>"; };
		4F0078CD29C63DF90054046E /* HomeView.swift */ = {isa = PBXFileReference; lastKnownFileType = sourcecode.swift; path = HomeView.swift; sourceTree = "<group>"; };
		4F0078D529C659830054046E /* Recipe.swift */ = {isa = PBXFileReference; lastKnownFileType = sourcecode.swift; path = Recipe.swift; sourceTree = "<group>"; };
		4F0078D729C6612E0054046E /* User.swift */ = {isa = PBXFileReference; lastKnownFileType = sourcecode.swift; path = User.swift; sourceTree = "<group>"; };
		4F0078DE29C664BA0054046E /* AppState.swift */ = {isa = PBXFileReference; lastKnownFileType = sourcecode.swift; path = AppState.swift; sourceTree = "<group>"; };
		4F0078E029C665310054046E /* BindableStore.swift */ = {isa = PBXFileReference; lastKnownFileType = sourcecode.swift; path = BindableStore.swift; sourceTree = "<group>"; };
		4F0078E229C665500054046E /* CombineReducers.swift */ = {isa = PBXFileReference; lastKnownFileType = sourcecode.swift; path = CombineReducers.swift; sourceTree = "<group>"; };
		4F0078EB29C670ED0054046E /* RecipesReducer.swift */ = {isa = PBXFileReference; lastKnownFileType = sourcecode.swift; path = RecipesReducer.swift; sourceTree = "<group>"; };
		4F0078ED29C671120054046E /* Action.swift */ = {isa = PBXFileReference; lastKnownFileType = sourcecode.swift; path = Action.swift; sourceTree = "<group>"; };
		4F0078EF29C674BB0054046E /* Location.swift */ = {isa = PBXFileReference; lastKnownFileType = sourcecode.swift; path = Location.swift; sourceTree = "<group>"; };
		4F0078F529C677EE0054046E /* FetchThunk.swift */ = {isa = PBXFileReference; lastKnownFileType = sourcecode.swift; path = FetchThunk.swift; sourceTree = "<group>"; };
		4F0078F729C6833A0054046E /* Camera.swift */ = {isa = PBXFileReference; lastKnownFileType = sourcecode.swift; path = Camera.swift; sourceTree = "<group>"; };
		4F0078F929C6990F0054046E /* RecipeCardView.swift */ = {isa = PBXFileReference; lastKnownFileType = sourcecode.swift; path = RecipeCardView.swift; sourceTree = "<group>"; };
		4F0078FE29C6A74F0054046E /* NumberPropView.swift */ = {isa = PBXFileReference; lastKnownFileType = sourcecode.swift; path = NumberPropView.swift; sourceTree = "<group>"; };
		4F00790029C6AAB80054046E /* RecipeType.swift */ = {isa = PBXFileReference; lastKnownFileType = sourcecode.swift; path = RecipeType.swift; sourceTree = "<group>"; };
		4F00790229C6B3CC0054046E /* RecipeDetailView.swift */ = {isa = PBXFileReference; lastKnownFileType = sourcecode.swift; path = RecipeDetailView.swift; sourceTree = "<group>"; };
		4F00790429C7292F0054046E /* UserThunk.swift */ = {isa = PBXFileReference; lastKnownFileType = sourcecode.swift; path = UserThunk.swift; sourceTree = "<group>"; };
		4F00790629C7299A0054046E /* UserReducer.swift */ = {isa = PBXFileReference; lastKnownFileType = sourcecode.swift; path = UserReducer.swift; sourceTree = "<group>"; };
		4F369FCE29C38E7E0050138C /* YapeRecipes.app */ = {isa = PBXFileReference; explicitFileType = wrapper.application; includeInIndex = 0; path = YapeRecipes.app; sourceTree = BUILT_PRODUCTS_DIR; };
		4F369FD129C38E7E0050138C /* YapeRecipesApp.swift */ = {isa = PBXFileReference; lastKnownFileType = sourcecode.swift; path = YapeRecipesApp.swift; sourceTree = "<group>"; };
		4F369FD529C38E820050138C /* Assets.xcassets */ = {isa = PBXFileReference; lastKnownFileType = folder.assetcatalog; path = Assets.xcassets; sourceTree = "<group>"; };
		4F369FD829C38E820050138C /* Preview Assets.xcassets */ = {isa = PBXFileReference; lastKnownFileType = folder.assetcatalog; path = "Preview Assets.xcassets"; sourceTree = "<group>"; };
		4F369FDE29C38E820050138C /* YapeRecipesTests.xctest */ = {isa = PBXFileReference; explicitFileType = wrapper.cfbundle; includeInIndex = 0; path = YapeRecipesTests.xctest; sourceTree = BUILT_PRODUCTS_DIR; };
		4F369FE229C38E820050138C /* YapeRecipesTests.swift */ = {isa = PBXFileReference; lastKnownFileType = sourcecode.swift; path = YapeRecipesTests.swift; sourceTree = "<group>"; };
		4F369FE829C38E830050138C /* YapeRecipesUITests.xctest */ = {isa = PBXFileReference; explicitFileType = wrapper.cfbundle; includeInIndex = 0; path = YapeRecipesUITests.xctest; sourceTree = BUILT_PRODUCTS_DIR; };
		4F369FEC29C38E830050138C /* YapeRecipesUITests.swift */ = {isa = PBXFileReference; lastKnownFileType = sourcecode.swift; path = YapeRecipesUITests.swift; sourceTree = "<group>"; };
		4F369FEE29C38E830050138C /* YapeRecipesUITestsLaunchTests.swift */ = {isa = PBXFileReference; lastKnownFileType = sourcecode.swift; path = YapeRecipesUITestsLaunchTests.swift; sourceTree = "<group>"; };
		4F369FFD29C393100050138C /* GoogleService-Info.plist */ = {isa = PBXFileReference; fileEncoding = 4; lastKnownFileType = text.plist.xml; path = "GoogleService-Info.plist"; sourceTree = "<group>"; };
		4F36A01329C3A1220050138C /* ButtonView.swift */ = {isa = PBXFileReference; lastKnownFileType = sourcecode.swift; path = ButtonView.swift; sourceTree = "<group>"; };
		4F36A01629C3A2830050138C /* Button+Styles.swift */ = {isa = PBXFileReference; lastKnownFileType = sourcecode.swift; path = "Button+Styles.swift"; sourceTree = "<group>"; };
		4F36A01829C3BC850050138C /* TextField+Styles.swift */ = {isa = PBXFileReference; lastKnownFileType = sourcecode.swift; path = "TextField+Styles.swift"; sourceTree = "<group>"; };
		4F81FFE829C74A7300BB1383 /* UserDetectView.swift */ = {isa = PBXFileReference; lastKnownFileType = sourcecode.swift; path = UserDetectView.swift; sourceTree = "<group>"; };
/* End PBXFileReference section */

/* Begin PBXFrameworksBuildPhase section */
		4F369FCB29C38E7E0050138C /* Frameworks */ = {
			isa = PBXFrameworksBuildPhase;
			buildActionMask = 2147483647;
			files = (
				4F0078FD29C6A1A50054046E /* SDWebImageSwiftUI in Frameworks */,
				4F36A00529C393C30050138C /* FirebaseAnalyticsSwift in Frameworks */,
				4F36A00F29C393C30050138C /* FirebaseFirestoreCombine-Community in Frameworks */,
				4F0078F329C675D50054046E /* ReSwiftThunk in Frameworks */,
				4F36A00B29C393C30050138C /* FirebaseAuthCombine-Community in Frameworks */,
				4F0078DB29C664680054046E /* ReSwift in Frameworks */,
				4F36A00929C393C30050138C /* FirebaseAuth in Frameworks */,
				4F36A00129C393C30050138C /* FirebaseAnalytics in Frameworks */,
				4F36A00329C393C30050138C /* FirebaseAnalyticsOnDeviceConversion in Frameworks */,
				4F36A00729C393C30050138C /* FirebaseAnalyticsWithoutAdIdSupport in Frameworks */,
				4F36A00D29C393C30050138C /* FirebaseFirestore in Frameworks */,
				4F36A01129C393C30050138C /* FirebaseFirestoreSwift in Frameworks */,
				4F0078C329C629DE0054046E /* MapboxMaps in Frameworks */,
				4F0078B629C5EE390054046E /* Coordinator in Frameworks */,
			);
			runOnlyForDeploymentPostprocessing = 0;
		};
		4F369FDB29C38E820050138C /* Frameworks */ = {
			isa = PBXFrameworksBuildPhase;
			buildActionMask = 2147483647;
			files = (
			);
			runOnlyForDeploymentPostprocessing = 0;
		};
		4F369FE529C38E830050138C /* Frameworks */ = {
			isa = PBXFrameworksBuildPhase;
			buildActionMask = 2147483647;
			files = (
			);
			runOnlyForDeploymentPostprocessing = 0;
		};
/* End PBXFrameworksBuildPhase section */

/* Begin PBXGroup section */
		4F0078B129C551AC0054046E /* Screens */ = {
			isa = PBXGroup;
			children = (
				4F0078B229C551CE0054046E /* MainView.swift */,
				4F0078BC29C5F0510054046E /* SigninView.swift */,
				4F0078C429C629F50054046E /* MapRecipesView.swift */,
				4F0078CB29C63DE80054046E /* ProfileView.swift */,
				4F0078CD29C63DF90054046E /* HomeView.swift */,
				4F00790229C6B3CC0054046E /* RecipeDetailView.swift */,
				4F81FFE829C74A7300BB1383 /* UserDetectView.swift */,
			);
			path = Screens;
			sourceTree = "<group>";
		};
		4F0078B729C5EE490054046E /* Coordinator */ = {
			isa = PBXGroup;
			children = (
				4F0078B829C5EE650054046E /* AppCoordinator.swift */,
				4F0078BA29C5EE9B0054046E /* AppDestination.swift */,
			);
			path = Coordinator;
			sourceTree = "<group>";
		};
		4F0078C629C62B4D0054046E /* map */ = {
			isa = PBXGroup;
			children = (
				4F0078C729C62B5E0054046E /* MapBoxMapView.swift */,
			);
			path = map;
			sourceTree = "<group>";
		};
		4F0078DC29C664950054046E /* Redux */ = {
			isa = PBXGroup;
			children = (
				4F0078EA29C670DA0054046E /* Reducers */,
				4F0078DD29C664A40054046E /* Core */,
			);
			path = Redux;
			sourceTree = "<group>";
		};
		4F0078DD29C664A40054046E /* Core */ = {
			isa = PBXGroup;
			children = (
				4F0078DE29C664BA0054046E /* AppState.swift */,
				4F0078E029C665310054046E /* BindableStore.swift */,
				4F0078E229C665500054046E /* CombineReducers.swift */,
				4F0078ED29C671120054046E /* Action.swift */,
			);
			path = Core;
			sourceTree = "<group>";
		};
		4F0078EA29C670DA0054046E /* Reducers */ = {
			isa = PBXGroup;
			children = (
				4F0078EB29C670ED0054046E /* RecipesReducer.swift */,
				4F00790629C7299A0054046E /* UserReducer.swift */,
			);
			path = Reducers;
			sourceTree = "<group>";
		};
		4F0078F429C677D90054046E /* Thunk */ = {
			isa = PBXGroup;
			children = (
				4F0078F529C677EE0054046E /* FetchThunk.swift */,
				4F00790429C7292F0054046E /* UserThunk.swift */,
			);
			path = Thunk;
			sourceTree = "<group>";
		};
		4F369FC529C38E7E0050138C = {
			isa = PBXGroup;
			children = (
				4F369FD029C38E7E0050138C /* YapeRecipes */,
				4F369FE129C38E820050138C /* YapeRecipesTests */,
				4F369FEB29C38E830050138C /* YapeRecipesUITests */,
				4F369FCF29C38E7E0050138C /* Products */,
			);
			sourceTree = "<group>";
		};
		4F369FCF29C38E7E0050138C /* Products */ = {
			isa = PBXGroup;
			children = (
				4F369FCE29C38E7E0050138C /* YapeRecipes.app */,
				4F369FDE29C38E820050138C /* YapeRecipesTests.xctest */,
				4F369FE829C38E830050138C /* YapeRecipesUITests.xctest */,
			);
			name = Products;
			sourceTree = "<group>";
		};
		4F369FD029C38E7E0050138C /* YapeRecipes */ = {
			isa = PBXGroup;
			children = (
				4F0078F429C677D90054046E /* Thunk */,
				4F0078DC29C664950054046E /* Redux */,
				4F0078B729C5EE490054046E /* Coordinator */,
				4F369FFC29C390FA0050138C /* Model */,
				4F369FFB29C390E60050138C /* Views */,
				4F369FD129C38E7E0050138C /* YapeRecipesApp.swift */,
				4F369FD529C38E820050138C /* Assets.xcassets */,
				4F369FFD29C393100050138C /* GoogleService-Info.plist */,
				4F369FD729C38E820050138C /* Preview Content */,
			);
			path = YapeRecipes;
			sourceTree = "<group>";
		};
		4F369FD729C38E820050138C /* Preview Content */ = {
			isa = PBXGroup;
			children = (
				4F369FD829C38E820050138C /* Preview Assets.xcassets */,
			);
			path = "Preview Content";
			sourceTree = "<group>";
		};
		4F369FE129C38E820050138C /* YapeRecipesTests */ = {
			isa = PBXGroup;
			children = (
				4F369FE229C38E820050138C /* YapeRecipesTests.swift */,
			);
			path = YapeRecipesTests;
			sourceTree = "<group>";
		};
		4F369FEB29C38E830050138C /* YapeRecipesUITests */ = {
			isa = PBXGroup;
			children = (
				4F369FEC29C38E830050138C /* YapeRecipesUITests.swift */,
				4F369FEE29C38E830050138C /* YapeRecipesUITestsLaunchTests.swift */,
			);
			path = YapeRecipesUITests;
			sourceTree = "<group>";
		};
		4F369FFB29C390E60050138C /* Views */ = {
			isa = PBXGroup;
			children = (
				4F0078B129C551AC0054046E /* Screens */,
				4F36A01529C3A26C0050138C /* Styles */,
				4F36A01229C3A10D0050138C /* Components */,
			);
			path = Views;
			sourceTree = "<group>";
		};
		4F369FFC29C390FA0050138C /* Model */ = {
			isa = PBXGroup;
			children = (
				4F0078D529C659830054046E /* Recipe.swift */,
				4F0078D729C6612E0054046E /* User.swift */,
				4F0078EF29C674BB0054046E /* Location.swift */,
				4F0078F729C6833A0054046E /* Camera.swift */,
				4F00790029C6AAB80054046E /* RecipeType.swift */,
			);
			path = Model;
			sourceTree = "<group>";
		};
		4F36A01229C3A10D0050138C /* Components */ = {
			isa = PBXGroup;
			children = (
				4F0078C629C62B4D0054046E /* map */,
				4F36A01329C3A1220050138C /* ButtonView.swift */,
				4F0078F929C6990F0054046E /* RecipeCardView.swift */,
				4F0078FE29C6A74F0054046E /* NumberPropView.swift */,
			);
			path = Components;
			sourceTree = "<group>";
		};
		4F36A01529C3A26C0050138C /* Styles */ = {
			isa = PBXGroup;
			children = (
				4F36A01629C3A2830050138C /* Button+Styles.swift */,
				4F36A01829C3BC850050138C /* TextField+Styles.swift */,
			);
			path = Styles;
			sourceTree = "<group>";
		};
/* End PBXGroup section */

/* Begin PBXNativeTarget section */
		4F369FCD29C38E7E0050138C /* YapeRecipes */ = {
			isa = PBXNativeTarget;
			buildConfigurationList = 4F369FF229C38E830050138C /* Build configuration list for PBXNativeTarget "YapeRecipes" */;
			buildPhases = (
				4F369FCA29C38E7E0050138C /* Sources */,
				4F369FCB29C38E7E0050138C /* Frameworks */,
				4F369FCC29C38E7E0050138C /* Resources */,
			);
			buildRules = (
			);
			dependencies = (
			);
			name = YapeRecipes;
			packageProductDependencies = (
				4F36A00029C393C30050138C /* FirebaseAnalytics */,
				4F36A00229C393C30050138C /* FirebaseAnalyticsOnDeviceConversion */,
				4F36A00429C393C30050138C /* FirebaseAnalyticsSwift */,
				4F36A00629C393C30050138C /* FirebaseAnalyticsWithoutAdIdSupport */,
				4F36A00829C393C30050138C /* FirebaseAuth */,
				4F36A00A29C393C30050138C /* FirebaseAuthCombine-Community */,
				4F36A00C29C393C30050138C /* FirebaseFirestore */,
				4F36A00E29C393C30050138C /* FirebaseFirestoreCombine-Community */,
				4F36A01029C393C30050138C /* FirebaseFirestoreSwift */,
				4F0078B529C5EE390054046E /* Coordinator */,
				4F0078C229C629DE0054046E /* MapboxMaps */,
				4F0078DA29C664680054046E /* ReSwift */,
				4F0078F229C675D50054046E /* ReSwiftThunk */,
				4F0078FC29C6A1A50054046E /* SDWebImageSwiftUI */,
			);
			productName = YapeRecipes;
			productReference = 4F369FCE29C38E7E0050138C /* YapeRecipes.app */;
			productType = "com.apple.product-type.application";
		};
		4F369FDD29C38E820050138C /* YapeRecipesTests */ = {
			isa = PBXNativeTarget;
			buildConfigurationList = 4F369FF529C38E830050138C /* Build configuration list for PBXNativeTarget "YapeRecipesTests" */;
			buildPhases = (
				4F369FDA29C38E820050138C /* Sources */,
				4F369FDB29C38E820050138C /* Frameworks */,
				4F369FDC29C38E820050138C /* Resources */,
			);
			buildRules = (
			);
			dependencies = (
				4F369FE029C38E820050138C /* PBXTargetDependency */,
			);
			name = YapeRecipesTests;
			productName = YapeRecipesTests;
			productReference = 4F369FDE29C38E820050138C /* YapeRecipesTests.xctest */;
			productType = "com.apple.product-type.bundle.unit-test";
		};
		4F369FE729C38E830050138C /* YapeRecipesUITests */ = {
			isa = PBXNativeTarget;
			buildConfigurationList = 4F369FF829C38E830050138C /* Build configuration list for PBXNativeTarget "YapeRecipesUITests" */;
			buildPhases = (
				4F369FE429C38E830050138C /* Sources */,
				4F369FE529C38E830050138C /* Frameworks */,
				4F369FE629C38E830050138C /* Resources */,
			);
			buildRules = (
			);
			dependencies = (
				4F369FEA29C38E830050138C /* PBXTargetDependency */,
			);
			name = YapeRecipesUITests;
			productName = YapeRecipesUITests;
			productReference = 4F369FE829C38E830050138C /* YapeRecipesUITests.xctest */;
			productType = "com.apple.product-type.bundle.ui-testing";
		};
/* End PBXNativeTarget section */

/* Begin PBXProject section */
		4F369FC629C38E7E0050138C /* Project object */ = {
			isa = PBXProject;
			attributes = {
				BuildIndependentTargetsInParallel = 1;
				LastSwiftUpdateCheck = 1420;
				LastUpgradeCheck = 1420;
				TargetAttributes = {
					4F369FCD29C38E7E0050138C = {
						CreatedOnToolsVersion = 14.2;
					};
					4F369FDD29C38E820050138C = {
						CreatedOnToolsVersion = 14.2;
						TestTargetID = 4F369FCD29C38E7E0050138C;
					};
					4F369FE729C38E830050138C = {
						CreatedOnToolsVersion = 14.2;
						TestTargetID = 4F369FCD29C38E7E0050138C;
					};
				};
			};
			buildConfigurationList = 4F369FC929C38E7E0050138C /* Build configuration list for PBXProject "YapeRecipes" */;
			compatibilityVersion = "Xcode 14.0";
			developmentRegion = en;
			hasScannedForEncodings = 0;
			knownRegions = (
				en,
				Base,
			);
			mainGroup = 4F369FC529C38E7E0050138C;
			packageReferences = (
				4F369FFF29C393C30050138C /* XCRemoteSwiftPackageReference "firebase-ios-sdk" */,
				4F0078B429C5EE390054046E /* XCRemoteSwiftPackageReference "Coordinator" */,
				4F0078C129C629DE0054046E /* XCRemoteSwiftPackageReference "mapbox-maps-ios" */,
				4F0078D929C664680054046E /* XCRemoteSwiftPackageReference "ReSwift" */,
				4F0078F129C675D50054046E /* XCRemoteSwiftPackageReference "ReSwift-Thunk" */,
				4F0078FB29C6A1A50054046E /* XCRemoteSwiftPackageReference "SDWebImageSwiftUI" */,
			);
			productRefGroup = 4F369FCF29C38E7E0050138C /* Products */;
			projectDirPath = "";
			projectRoot = "";
			targets = (
				4F369FCD29C38E7E0050138C /* YapeRecipes */,
				4F369FDD29C38E820050138C /* YapeRecipesTests */,
				4F369FE729C38E830050138C /* YapeRecipesUITests */,
			);
		};
/* End PBXProject section */

/* Begin PBXResourcesBuildPhase section */
		4F369FCC29C38E7E0050138C /* Resources */ = {
			isa = PBXResourcesBuildPhase;
			buildActionMask = 2147483647;
			files = (
				4F369FD929C38E820050138C /* Preview Assets.xcassets in Resources */,
				4F369FFE29C393100050138C /* GoogleService-Info.plist in Resources */,
				4F369FD629C38E820050138C /* Assets.xcassets in Resources */,
			);
			runOnlyForDeploymentPostprocessing = 0;
		};
		4F369FDC29C38E820050138C /* Resources */ = {
			isa = PBXResourcesBuildPhase;
			buildActionMask = 2147483647;
			files = (
			);
			runOnlyForDeploymentPostprocessing = 0;
		};
		4F369FE629C38E830050138C /* Resources */ = {
			isa = PBXResourcesBuildPhase;
			buildActionMask = 2147483647;
			files = (
			);
			runOnlyForDeploymentPostprocessing = 0;
		};
/* End PBXResourcesBuildPhase section */

/* Begin PBXSourcesBuildPhase section */
		4F369FCA29C38E7E0050138C /* Sources */ = {
			isa = PBXSourcesBuildPhase;
			buildActionMask = 2147483647;
			files = (
				4F0078EC29C670ED0054046E /* RecipesReducer.swift in Sources */,
				4F00790329C6B3CC0054046E /* RecipeDetailView.swift in Sources */,
				4F0078EE29C671120054046E /* Action.swift in Sources */,
				4F0078E129C665310054046E /* BindableStore.swift in Sources */,
				4F0078CE29C63DF90054046E /* HomeView.swift in Sources */,
				4F0078CC29C63DE80054046E /* ProfileView.swift in Sources */,
				4F0078DF29C664BA0054046E /* AppState.swift in Sources */,
				4F0078F629C677EE0054046E /* FetchThunk.swift in Sources */,
				4F0078F829C6833A0054046E /* Camera.swift in Sources */,
				4F0078C529C629F50054046E /* MapRecipesView.swift in Sources */,
				4F00790529C7292F0054046E /* UserThunk.swift in Sources */,
				4F0078FF29C6A74F0054046E /* NumberPropView.swift in Sources */,
				4F00790129C6AAB80054046E /* RecipeType.swift in Sources */,
				4F00790729C7299A0054046E /* UserReducer.swift in Sources */,
				4F0078E329C665500054046E /* CombineReducers.swift in Sources */,
				4F0078C829C62B5E0054046E /* MapBoxMapView.swift in Sources */,
				4F0078B329C551CE0054046E /* MainView.swift in Sources */,
				4F0078BD29C5F0510054046E /* SigninView.swift in Sources */,
				4F0078D829C6612E0054046E /* User.swift in Sources */,
				4F0078BB29C5EE9B0054046E /* AppDestination.swift in Sources */,
				4F0078F029C674BB0054046E /* Location.swift in Sources */,
				4F0078B929C5EE650054046E /* AppCoordinator.swift in Sources */,
				4F36A01729C3A2840050138C /* Button+Styles.swift in Sources */,
				4F81FFE929C74A7300BB1383 /* UserDetectView.swift in Sources */,
				4F369FD229C38E7E0050138C /* YapeRecipesApp.swift in Sources */,
				4F0078FA29C6990F0054046E /* RecipeCardView.swift in Sources */,
				4F36A01929C3BC850050138C /* TextField+Styles.swift in Sources */,
				4F36A01429C3A1220050138C /* ButtonView.swift in Sources */,
				4F0078D629C659830054046E /* Recipe.swift in Sources */,
			);
			runOnlyForDeploymentPostprocessing = 0;
		};
		4F369FDA29C38E820050138C /* Sources */ = {
			isa = PBXSourcesBuildPhase;
			buildActionMask = 2147483647;
			files = (
				4F369FE329C38E820050138C /* YapeRecipesTests.swift in Sources */,
			);
			runOnlyForDeploymentPostprocessing = 0;
		};
		4F369FE429C38E830050138C /* Sources */ = {
			isa = PBXSourcesBuildPhase;
			buildActionMask = 2147483647;
			files = (
				4F369FED29C38E830050138C /* YapeRecipesUITests.swift in Sources */,
				4F369FEF29C38E830050138C /* YapeRecipesUITestsLaunchTests.swift in Sources */,
			);
			runOnlyForDeploymentPostprocessing = 0;
		};
/* End PBXSourcesBuildPhase section */

/* Begin PBXTargetDependency section */
		4F369FE029C38E820050138C /* PBXTargetDependency */ = {
			isa = PBXTargetDependency;
			target = 4F369FCD29C38E7E0050138C /* YapeRecipes */;
			targetProxy = 4F369FDF29C38E820050138C /* PBXContainerItemProxy */;
		};
		4F369FEA29C38E830050138C /* PBXTargetDependency */ = {
			isa = PBXTargetDependency;
			target = 4F369FCD29C38E7E0050138C /* YapeRecipes */;
			targetProxy = 4F369FE929C38E830050138C /* PBXContainerItemProxy */;
		};
/* End PBXTargetDependency section */

/* Begin XCBuildConfiguration section */
		4F369FF029C38E830050138C /* Debug */ = {
			isa = XCBuildConfiguration;
			buildSettings = {
				ALWAYS_SEARCH_USER_PATHS = NO;
				CLANG_ANALYZER_NONNULL = YES;
				CLANG_ANALYZER_NUMBER_OBJECT_CONVERSION = YES_AGGRESSIVE;
				CLANG_CXX_LANGUAGE_STANDARD = "gnu++20";
				CLANG_ENABLE_MODULES = YES;
				CLANG_ENABLE_OBJC_ARC = YES;
				CLANG_ENABLE_OBJC_WEAK = YES;
				CLANG_WARN_BLOCK_CAPTURE_AUTORELEASING = YES;
				CLANG_WARN_BOOL_CONVERSION = YES;
				CLANG_WARN_COMMA = YES;
				CLANG_WARN_CONSTANT_CONVERSION = YES;
				CLANG_WARN_DEPRECATED_OBJC_IMPLEMENTATIONS = YES;
				CLANG_WARN_DIRECT_OBJC_ISA_USAGE = YES_ERROR;
				CLANG_WARN_DOCUMENTATION_COMMENTS = YES;
				CLANG_WARN_EMPTY_BODY = YES;
				CLANG_WARN_ENUM_CONVERSION = YES;
				CLANG_WARN_INFINITE_RECURSION = YES;
				CLANG_WARN_INT_CONVERSION = YES;
				CLANG_WARN_NON_LITERAL_NULL_CONVERSION = YES;
				CLANG_WARN_OBJC_IMPLICIT_RETAIN_SELF = YES;
				CLANG_WARN_OBJC_LITERAL_CONVERSION = YES;
				CLANG_WARN_OBJC_ROOT_CLASS = YES_ERROR;
				CLANG_WARN_QUOTED_INCLUDE_IN_FRAMEWORK_HEADER = YES;
				CLANG_WARN_RANGE_LOOP_ANALYSIS = YES;
				CLANG_WARN_STRICT_PROTOTYPES = YES;
				CLANG_WARN_SUSPICIOUS_MOVE = YES;
				CLANG_WARN_UNGUARDED_AVAILABILITY = YES_AGGRESSIVE;
				CLANG_WARN_UNREACHABLE_CODE = YES;
				CLANG_WARN__DUPLICATE_METHOD_MATCH = YES;
				COPY_PHASE_STRIP = NO;
				DEBUG_INFORMATION_FORMAT = dwarf;
				ENABLE_STRICT_OBJC_MSGSEND = YES;
				ENABLE_TESTABILITY = YES;
				GCC_C_LANGUAGE_STANDARD = gnu11;
				GCC_DYNAMIC_NO_PIC = NO;
				GCC_NO_COMMON_BLOCKS = YES;
				GCC_OPTIMIZATION_LEVEL = 0;
				GCC_PREPROCESSOR_DEFINITIONS = (
					"DEBUG=1",
					"$(inherited)",
				);
				GCC_WARN_64_TO_32_BIT_CONVERSION = YES;
				GCC_WARN_ABOUT_RETURN_TYPE = YES_ERROR;
				GCC_WARN_UNDECLARED_SELECTOR = YES;
				GCC_WARN_UNINITIALIZED_AUTOS = YES_AGGRESSIVE;
				GCC_WARN_UNUSED_FUNCTION = YES;
				GCC_WARN_UNUSED_VARIABLE = YES;
				IPHONEOS_DEPLOYMENT_TARGET = 16.2;
				MTL_ENABLE_DEBUG_INFO = INCLUDE_SOURCE;
				MTL_FAST_MATH = YES;
				ONLY_ACTIVE_ARCH = YES;
				SDKROOT = iphoneos;
				SWIFT_ACTIVE_COMPILATION_CONDITIONS = DEBUG;
				SWIFT_OPTIMIZATION_LEVEL = "-Onone";
			};
			name = Debug;
		};
		4F369FF129C38E830050138C /* Release */ = {
			isa = XCBuildConfiguration;
			buildSettings = {
				ALWAYS_SEARCH_USER_PATHS = NO;
				CLANG_ANALYZER_NONNULL = YES;
				CLANG_ANALYZER_NUMBER_OBJECT_CONVERSION = YES_AGGRESSIVE;
				CLANG_CXX_LANGUAGE_STANDARD = "gnu++20";
				CLANG_ENABLE_MODULES = YES;
				CLANG_ENABLE_OBJC_ARC = YES;
				CLANG_ENABLE_OBJC_WEAK = YES;
				CLANG_WARN_BLOCK_CAPTURE_AUTORELEASING = YES;
				CLANG_WARN_BOOL_CONVERSION = YES;
				CLANG_WARN_COMMA = YES;
				CLANG_WARN_CONSTANT_CONVERSION = YES;
				CLANG_WARN_DEPRECATED_OBJC_IMPLEMENTATIONS = YES;
				CLANG_WARN_DIRECT_OBJC_ISA_USAGE = YES_ERROR;
				CLANG_WARN_DOCUMENTATION_COMMENTS = YES;
				CLANG_WARN_EMPTY_BODY = YES;
				CLANG_WARN_ENUM_CONVERSION = YES;
				CLANG_WARN_INFINITE_RECURSION = YES;
				CLANG_WARN_INT_CONVERSION = YES;
				CLANG_WARN_NON_LITERAL_NULL_CONVERSION = YES;
				CLANG_WARN_OBJC_IMPLICIT_RETAIN_SELF = YES;
				CLANG_WARN_OBJC_LITERAL_CONVERSION = YES;
				CLANG_WARN_OBJC_ROOT_CLASS = YES_ERROR;
				CLANG_WARN_QUOTED_INCLUDE_IN_FRAMEWORK_HEADER = YES;
				CLANG_WARN_RANGE_LOOP_ANALYSIS = YES;
				CLANG_WARN_STRICT_PROTOTYPES = YES;
				CLANG_WARN_SUSPICIOUS_MOVE = YES;
				CLANG_WARN_UNGUARDED_AVAILABILITY = YES_AGGRESSIVE;
				CLANG_WARN_UNREACHABLE_CODE = YES;
				CLANG_WARN__DUPLICATE_METHOD_MATCH = YES;
				COPY_PHASE_STRIP = NO;
				DEBUG_INFORMATION_FORMAT = "dwarf-with-dsym";
				ENABLE_NS_ASSERTIONS = NO;
				ENABLE_STRICT_OBJC_MSGSEND = YES;
				GCC_C_LANGUAGE_STANDARD = gnu11;
				GCC_NO_COMMON_BLOCKS = YES;
				GCC_WARN_64_TO_32_BIT_CONVERSION = YES;
				GCC_WARN_ABOUT_RETURN_TYPE = YES_ERROR;
				GCC_WARN_UNDECLARED_SELECTOR = YES;
				GCC_WARN_UNINITIALIZED_AUTOS = YES_AGGRESSIVE;
				GCC_WARN_UNUSED_FUNCTION = YES;
				GCC_WARN_UNUSED_VARIABLE = YES;
				IPHONEOS_DEPLOYMENT_TARGET = 16.2;
				MTL_ENABLE_DEBUG_INFO = NO;
				MTL_FAST_MATH = YES;
				SDKROOT = iphoneos;
				SWIFT_COMPILATION_MODE = wholemodule;
				SWIFT_OPTIMIZATION_LEVEL = "-O";
				VALIDATE_PRODUCT = YES;
			};
			name = Release;
		};
		4F369FF329C38E830050138C /* Debug */ = {
			isa = XCBuildConfiguration;
			buildSettings = {
				ASSETCATALOG_COMPILER_APPICON_NAME = AppIcon;
				ASSETCATALOG_COMPILER_GLOBAL_ACCENT_COLOR_NAME = AccentColor;
				CODE_SIGN_STYLE = Automatic;
				CURRENT_PROJECT_VERSION = 1;
				DEVELOPMENT_ASSET_PATHS = "\"YapeRecipes/Preview Content\"";
				DEVELOPMENT_TEAM = 2BF9HG77P9;
				ENABLE_PREVIEWS = YES;
				GENERATE_INFOPLIST_FILE = YES;
				INFOPLIST_KEY_UIApplicationSceneManifest_Generation = YES;
				INFOPLIST_KEY_UIApplicationSupportsIndirectInputEvents = YES;
				INFOPLIST_KEY_UILaunchScreen_Generation = YES;
				INFOPLIST_KEY_UISupportedInterfaceOrientations_iPad = "UIInterfaceOrientationPortrait UIInterfaceOrientationPortraitUpsideDown UIInterfaceOrientationLandscapeLeft UIInterfaceOrientationLandscapeRight";
				INFOPLIST_KEY_UISupportedInterfaceOrientations_iPhone = "UIInterfaceOrientationPortrait UIInterfaceOrientationLandscapeLeft UIInterfaceOrientationLandscapeRight";
				LD_RUNPATH_SEARCH_PATHS = (
					"$(inherited)",
					"@executable_path/Frameworks",
				);
				MARKETING_VERSION = 1.0;
				PRODUCT_BUNDLE_IDENTIFIER = com.blueprint.YapeRecipes;
				PRODUCT_NAME = "$(TARGET_NAME)";
				SWIFT_EMIT_LOC_STRINGS = YES;
				SWIFT_VERSION = 5.0;
				TARGETED_DEVICE_FAMILY = "1,2";
			};
			name = Debug;
		};
		4F369FF429C38E830050138C /* Release */ = {
			isa = XCBuildConfiguration;
			buildSettings = {
				ASSETCATALOG_COMPILER_APPICON_NAME = AppIcon;
				ASSETCATALOG_COMPILER_GLOBAL_ACCENT_COLOR_NAME = AccentColor;
				CODE_SIGN_STYLE = Automatic;
				CURRENT_PROJECT_VERSION = 1;
				DEVELOPMENT_ASSET_PATHS = "\"YapeRecipes/Preview Content\"";
				DEVELOPMENT_TEAM = 2BF9HG77P9;
				ENABLE_PREVIEWS = YES;
				GENERATE_INFOPLIST_FILE = YES;
				INFOPLIST_KEY_UIApplicationSceneManifest_Generation = YES;
				INFOPLIST_KEY_UIApplicationSupportsIndirectInputEvents = YES;
				INFOPLIST_KEY_UILaunchScreen_Generation = YES;
				INFOPLIST_KEY_UISupportedInterfaceOrientations_iPad = "UIInterfaceOrientationPortrait UIInterfaceOrientationPortraitUpsideDown UIInterfaceOrientationLandscapeLeft UIInterfaceOrientationLandscapeRight";
				INFOPLIST_KEY_UISupportedInterfaceOrientations_iPhone = "UIInterfaceOrientationPortrait UIInterfaceOrientationLandscapeLeft UIInterfaceOrientationLandscapeRight";
				LD_RUNPATH_SEARCH_PATHS = (
					"$(inherited)",
					"@executable_path/Frameworks",
				);
				MARKETING_VERSION = 1.0;
				PRODUCT_BUNDLE_IDENTIFIER = com.blueprint.YapeRecipes;
				PRODUCT_NAME = "$(TARGET_NAME)";
				SWIFT_EMIT_LOC_STRINGS = YES;
				SWIFT_VERSION = 5.0;
				TARGETED_DEVICE_FAMILY = "1,2";
			};
			name = Release;
		};
		4F369FF629C38E830050138C /* Debug */ = {
			isa = XCBuildConfiguration;
			buildSettings = {
				ALWAYS_EMBED_SWIFT_STANDARD_LIBRARIES = YES;
				BUNDLE_LOADER = "$(TEST_HOST)";
				CODE_SIGN_STYLE = Automatic;
				CURRENT_PROJECT_VERSION = 1;
				DEVELOPMENT_TEAM = 2BF9HG77P9;
				GENERATE_INFOPLIST_FILE = YES;
				IPHONEOS_DEPLOYMENT_TARGET = 16.2;
				MARKETING_VERSION = 1.0;
				PRODUCT_BUNDLE_IDENTIFIER = com.blueprint.YapeRecipesTests;
				PRODUCT_NAME = "$(TARGET_NAME)";
				SWIFT_EMIT_LOC_STRINGS = NO;
				SWIFT_VERSION = 5.0;
				TARGETED_DEVICE_FAMILY = "1,2";
				TEST_HOST = "$(BUILT_PRODUCTS_DIR)/YapeRecipes.app/$(BUNDLE_EXECUTABLE_FOLDER_PATH)/YapeRecipes";
			};
			name = Debug;
		};
		4F369FF729C38E830050138C /* Release */ = {
			isa = XCBuildConfiguration;
			buildSettings = {
				ALWAYS_EMBED_SWIFT_STANDARD_LIBRARIES = YES;
				BUNDLE_LOADER = "$(TEST_HOST)";
				CODE_SIGN_STYLE = Automatic;
				CURRENT_PROJECT_VERSION = 1;
				DEVELOPMENT_TEAM = 2BF9HG77P9;
				GENERATE_INFOPLIST_FILE = YES;
				IPHONEOS_DEPLOYMENT_TARGET = 16.2;
				MARKETING_VERSION = 1.0;
				PRODUCT_BUNDLE_IDENTIFIER = com.blueprint.YapeRecipesTests;
				PRODUCT_NAME = "$(TARGET_NAME)";
				SWIFT_EMIT_LOC_STRINGS = NO;
				SWIFT_VERSION = 5.0;
				TARGETED_DEVICE_FAMILY = "1,2";
				TEST_HOST = "$(BUILT_PRODUCTS_DIR)/YapeRecipes.app/$(BUNDLE_EXECUTABLE_FOLDER_PATH)/YapeRecipes";
			};
			name = Release;
		};
		4F369FF929C38E830050138C /* Debug */ = {
			isa = XCBuildConfiguration;
			buildSettings = {
				ALWAYS_EMBED_SWIFT_STANDARD_LIBRARIES = YES;
				CODE_SIGN_STYLE = Automatic;
				CURRENT_PROJECT_VERSION = 1;
				DEVELOPMENT_TEAM = 2BF9HG77P9;
				GENERATE_INFOPLIST_FILE = YES;
				MARKETING_VERSION = 1.0;
				PRODUCT_BUNDLE_IDENTIFIER = com.blueprint.YapeRecipesUITests;
				PRODUCT_NAME = "$(TARGET_NAME)";
				SWIFT_EMIT_LOC_STRINGS = NO;
				SWIFT_VERSION = 5.0;
				TARGETED_DEVICE_FAMILY = "1,2";
				TEST_TARGET_NAME = YapeRecipes;
			};
			name = Debug;
		};
		4F369FFA29C38E830050138C /* Release */ = {
			isa = XCBuildConfiguration;
			buildSettings = {
				ALWAYS_EMBED_SWIFT_STANDARD_LIBRARIES = YES;
				CODE_SIGN_STYLE = Automatic;
				CURRENT_PROJECT_VERSION = 1;
				DEVELOPMENT_TEAM = 2BF9HG77P9;
				GENERATE_INFOPLIST_FILE = YES;
				MARKETING_VERSION = 1.0;
				PRODUCT_BUNDLE_IDENTIFIER = com.blueprint.YapeRecipesUITests;
				PRODUCT_NAME = "$(TARGET_NAME)";
				SWIFT_EMIT_LOC_STRINGS = NO;
				SWIFT_VERSION = 5.0;
				TARGETED_DEVICE_FAMILY = "1,2";
				TEST_TARGET_NAME = YapeRecipes;
			};
			name = Release;
		};
/* End XCBuildConfiguration section */

/* Begin XCConfigurationList section */
		4F369FC929C38E7E0050138C /* Build configuration list for PBXProject "YapeRecipes" */ = {
			isa = XCConfigurationList;
			buildConfigurations = (
				4F369FF029C38E830050138C /* Debug */,
				4F369FF129C38E830050138C /* Release */,
			);
			defaultConfigurationIsVisible = 0;
			defaultConfigurationName = Release;
		};
		4F369FF229C38E830050138C /* Build configuration list for PBXNativeTarget "YapeRecipes" */ = {
			isa = XCConfigurationList;
			buildConfigurations = (
				4F369FF329C38E830050138C /* Debug */,
				4F369FF429C38E830050138C /* Release */,
			);
			defaultConfigurationIsVisible = 0;
			defaultConfigurationName = Release;
		};
		4F369FF529C38E830050138C /* Build configuration list for PBXNativeTarget "YapeRecipesTests" */ = {
			isa = XCConfigurationList;
			buildConfigurations = (
				4F369FF629C38E830050138C /* Debug */,
				4F369FF729C38E830050138C /* Release */,
			);
			defaultConfigurationIsVisible = 0;
			defaultConfigurationName = Release;
		};
		4F369FF829C38E830050138C /* Build configuration list for PBXNativeTarget "YapeRecipesUITests" */ = {
			isa = XCConfigurationList;
			buildConfigurations = (
				4F369FF929C38E830050138C /* Debug */,
				4F369FFA29C38E830050138C /* Release */,
			);
			defaultConfigurationIsVisible = 0;
			defaultConfigurationName = Release;
		};
/* End XCConfigurationList section */

/* Begin XCRemoteSwiftPackageReference section */
		4F0078B429C5EE390054046E /* XCRemoteSwiftPackageReference "Coordinator" */ = {
			isa = XCRemoteSwiftPackageReference;
			repositoryURL = "https://github.com/SwiftUIX/Coordinator";
			requirement = {
				branch = master;
				kind = branch;
			};
		};
		4F0078C129C629DE0054046E /* XCRemoteSwiftPackageReference "mapbox-maps-ios" */ = {
			isa = XCRemoteSwiftPackageReference;
			repositoryURL = "https://github.com/mapbox/mapbox-maps-ios.git";
			requirement = {
				branch = main;
				kind = branch;
			};
		};
		4F0078D929C664680054046E /* XCRemoteSwiftPackageReference "ReSwift" */ = {
			isa = XCRemoteSwiftPackageReference;
			repositoryURL = "https://github.com/ReSwift/ReSwift.git";
			requirement = {
				kind = upToNextMajorVersion;
				minimumVersion = 6.0.0;
			};
		};
		4F0078F129C675D50054046E /* XCRemoteSwiftPackageReference "ReSwift-Thunk" */ = {
			isa = XCRemoteSwiftPackageReference;
			repositoryURL = "https://github.com/ReSwift/ReSwift-Thunk";
			requirement = {
				branch = master;
				kind = branch;
			};
		};
		4F0078FB29C6A1A50054046E /* XCRemoteSwiftPackageReference "SDWebImageSwiftUI" */ = {
			isa = XCRemoteSwiftPackageReference;
			repositoryURL = "https://github.com/SDWebImage/SDWebImageSwiftUI";
			requirement = {
				kind = upToNextMajorVersion;
				minimumVersion = 2.0.0;
			};
		};
		4F369FFF29C393C30050138C /* XCRemoteSwiftPackageReference "firebase-ios-sdk" */ = {
			isa = XCRemoteSwiftPackageReference;
			repositoryURL = "https://github.com/firebase/firebase-ios-sdk";
			requirement = {
				kind = upToNextMajorVersion;
				minimumVersion = 9.0.0;
			};
		};
/* End XCRemoteSwiftPackageReference section */

/* Begin XCSwiftPackageProductDependency section */
		4F0078B529C5EE390054046E /* Coordinator */ = {
			isa = XCSwiftPackageProductDependency;
			package = 4F0078B429C5EE390054046E /* XCRemoteSwiftPackageReference "Coordinator" */;
			productName = Coordinator;
		};
		4F0078C229C629DE0054046E /* MapboxMaps */ = {
			isa = XCSwiftPackageProductDependency;
			package = 4F0078C129C629DE0054046E /* XCRemoteSwiftPackageReference "mapbox-maps-ios" */;
			productName = MapboxMaps;
		};
		4F0078DA29C664680054046E /* ReSwift */ = {
			isa = XCSwiftPackageProductDependency;
			package = 4F0078D929C664680054046E /* XCRemoteSwiftPackageReference "ReSwift" */;
			productName = ReSwift;
		};
		4F0078F229C675D50054046E /* ReSwiftThunk */ = {
			isa = XCSwiftPackageProductDependency;
			package = 4F0078F129C675D50054046E /* XCRemoteSwiftPackageReference "ReSwift-Thunk" */;
			productName = ReSwiftThunk;
		};
		4F0078FC29C6A1A50054046E /* SDWebImageSwiftUI */ = {
			isa = XCSwiftPackageProductDependency;
			package = 4F0078FB29C6A1A50054046E /* XCRemoteSwiftPackageReference "SDWebImageSwiftUI" */;
			productName = SDWebImageSwiftUI;
		};
		4F36A00029C393C30050138C /* FirebaseAnalytics */ = {
			isa = XCSwiftPackageProductDependency;
			package = 4F369FFF29C393C30050138C /* XCRemoteSwiftPackageReference "firebase-ios-sdk" */;
			productName = FirebaseAnalytics;
		};
		4F36A00229C393C30050138C /* FirebaseAnalyticsOnDeviceConversion */ = {
			isa = XCSwiftPackageProductDependency;
			package = 4F369FFF29C393C30050138C /* XCRemoteSwiftPackageReference "firebase-ios-sdk" */;
			productName = FirebaseAnalyticsOnDeviceConversion;
		};
		4F36A00429C393C30050138C /* FirebaseAnalyticsSwift */ = {
			isa = XCSwiftPackageProductDependency;
			package = 4F369FFF29C393C30050138C /* XCRemoteSwiftPackageReference "firebase-ios-sdk" */;
			productName = FirebaseAnalyticsSwift;
		};
		4F36A00629C393C30050138C /* FirebaseAnalyticsWithoutAdIdSupport */ = {
			isa = XCSwiftPackageProductDependency;
			package = 4F369FFF29C393C30050138C /* XCRemoteSwiftPackageReference "firebase-ios-sdk" */;
			productName = FirebaseAnalyticsWithoutAdIdSupport;
		};
		4F36A00829C393C30050138C /* FirebaseAuth */ = {
			isa = XCSwiftPackageProductDependency;
			package = 4F369FFF29C393C30050138C /* XCRemoteSwiftPackageReference "firebase-ios-sdk" */;
			productName = FirebaseAuth;
		};
		4F36A00A29C393C30050138C /* FirebaseAuthCombine-Community */ = {
			isa = XCSwiftPackageProductDependency;
			package = 4F369FFF29C393C30050138C /* XCRemoteSwiftPackageReference "firebase-ios-sdk" */;
			productName = "FirebaseAuthCombine-Community";
		};
		4F36A00C29C393C30050138C /* FirebaseFirestore */ = {
			isa = XCSwiftPackageProductDependency;
			package = 4F369FFF29C393C30050138C /* XCRemoteSwiftPackageReference "firebase-ios-sdk" */;
			productName = FirebaseFirestore;
		};
		4F36A00E29C393C30050138C /* FirebaseFirestoreCombine-Community */ = {
			isa = XCSwiftPackageProductDependency;
			package = 4F369FFF29C393C30050138C /* XCRemoteSwiftPackageReference "firebase-ios-sdk" */;
			productName = "FirebaseFirestoreCombine-Community";
		};
		4F36A01029C393C30050138C /* FirebaseFirestoreSwift */ = {
			isa = XCSwiftPackageProductDependency;
			package = 4F369FFF29C393C30050138C /* XCRemoteSwiftPackageReference "firebase-ios-sdk" */;
			productName = FirebaseFirestoreSwift;
		};
/* End XCSwiftPackageProductDependency section */
	};
	rootObject = 4F369FC629C38E7E0050138C /* Project object */;
}
